Microsoft Visual Studio Solution File, Format Version 11.00
# Visual Studio 2010
Project("{8BC9CEB8-8B4A-11D0-8D11-00A0C91BC942}") = "ALL_BUILD", "ALL_BUILD.vcxproj", "{2FFBF7F6-4112-42B3-B456-1E7AE5A13079}"
	ProjectSection(ProjectDependencies) = postProject
		{5F467BF7-757B-4430-B4CA-59626A6CE8CF} = {5F467BF7-757B-4430-B4CA-59626A6CE8CF}
		{7384B25D-F55F-423B-BD0E-F19A416904BC} = {7384B25D-F55F-423B-BD0E-F19A416904BC}
		{750D405B-CCA5-44B9-8473-B62D8BFD66C5} = {750D405B-CCA5-44B9-8473-B62D8BFD66C5}
		{12E5C1DF-E9F1-42B7-A44E-8C9202076D70} = {12E5C1DF-E9F1-42B7-A44E-8C9202076D70}
		{99E4FB20-EF31-4399-BC3B-BC20F3651ED5} = {99E4FB20-EF31-4399-BC3B-BC20F3651ED5}
		{72B2AAA1-C52D-4F29-8137-2B1EEC82DE2B} = {72B2AAA1-C52D-4F29-8137-2B1EEC82DE2B}
		{D2EE5E0F-8E92-426A-9BA5-814B90A8DF95} = {D2EE5E0F-8E92-426A-9BA5-814B90A8DF95}
		{7F9B14C6-06C4-4CCE-8D63-2EDEB86A67C1} = {7F9B14C6-06C4-4CCE-8D63-2EDEB86A67C1}
		{1E1BEAFE-D85A-411C-87E4-D448BFC2FBD1} = {1E1BEAFE-D85A-411C-87E4-D448BFC2FBD1}
		{C272E02F-702D-43E2-8597-D874EFC18598} = {C272E02F-702D-43E2-8597-D874EFC18598}
		{C5C06A96-8F56-4349-8E0D-F238482168F0} = {C5C06A96-8F56-4349-8E0D-F238482168F0}
		{3F45BC26-D4BD-45A7-88BC-6563D60C519C} = {3F45BC26-D4BD-45A7-88BC-6563D60C519C}
		{010FE680-B79A-40D7-A40A-314019235B6B} = {010FE680-B79A-40D7-A40A-314019235B6B}
	EndProjectSection
EndProject
Project("{8BC9CEB8-8B4A-11D0-8D11-00A0C91BC942}") = "INSTALL", "INSTALL.vcxproj", "{3C96B2A1-6D8A-4C0F-AFD3-4CF1BFB24BF1}"
	ProjectSection(ProjectDependencies) = postProject
		{2FFBF7F6-4112-42B3-B456-1E7AE5A13079} = {2FFBF7F6-4112-42B3-B456-1E7AE5A13079}
	EndProjectSection
EndProject
Project("{8BC9CEB8-8B4A-11D0-8D11-00A0C91BC942}") = "ZERO_CHECK", "ZERO_CHECK.vcxproj", "{5F467BF7-757B-4430-B4CA-59626A6CE8CF}"
	ProjectSection(ProjectDependencies) = postProject
	EndProjectSection
EndProject
Project("{8BC9CEB8-8B4A-11D0-8D11-00A0C91BC942}") = "ace", "dep\acelite\ace\ace.vcxproj", "{7384B25D-F55F-423B-BD0E-F19A416904BC}"
	ProjectSection(ProjectDependencies) = postProject
		{5F467BF7-757B-4430-B4CA-59626A6CE8CF} = {5F467BF7-757B-4430-B4CA-59626A6CE8CF}
	EndProjectSection
EndProject
Project("{8BC9CEB8-8B4A-11D0-8D11-00A0C91BC942}") = "authserver", "src\server\authserver\authserver.vcxproj", "{750D405B-CCA5-44B9-8473-B62D8BFD66C5}"
	ProjectSection(ProjectDependencies) = postProject
		{5F467BF7-757B-4430-B4CA-59626A6CE8CF} = {5F467BF7-757B-4430-B4CA-59626A6CE8CF}
		{7F9B14C6-06C4-4CCE-8D63-2EDEB86A67C1} = {7F9B14C6-06C4-4CCE-8D63-2EDEB86A67C1}
		{1E1BEAFE-D85A-411C-87E4-D448BFC2FBD1} = {1E1BEAFE-D85A-411C-87E4-D448BFC2FBD1}
		{C5C06A96-8F56-4349-8E0D-F238482168F0} = {C5C06A96-8F56-4349-8E0D-F238482168F0}
	EndProjectSection
EndProject
Project("{8BC9CEB8-8B4A-11D0-8D11-00A0C91BC942}") = "collision", "src\server\collision\collision.vcxproj", "{12E5C1DF-E9F1-42B7-A44E-8C9202076D70}"
	ProjectSection(ProjectDependencies) = postProject
		{5F467BF7-757B-4430-B4CA-59626A6CE8CF} = {5F467BF7-757B-4430-B4CA-59626A6CE8CF}
	EndProjectSection
EndProject
Project("{8BC9CEB8-8B4A-11D0-8D11-00A0C91BC942}") = "g3dlib", "dep\g3dlite\g3dlib.vcxproj", "{99E4FB20-EF31-4399-BC3B-BC20F3651ED5}"
	ProjectSection(ProjectDependencies) = postProject
		{5F467BF7-757B-4430-B4CA-59626A6CE8CF} = {5F467BF7-757B-4430-B4CA-59626A6CE8CF}
		{010FE680-B79A-40D7-A40A-314019235B6B} = {010FE680-B79A-40D7-A40A-314019235B6B}
	EndProjectSection
EndProject
Project("{8BC9CEB8-8B4A-11D0-8D11-00A0C91BC942}") = "game", "src\server\game\game.vcxproj", "{72B2AAA1-C52D-4F29-8137-2B1EEC82DE2B}"
	ProjectSection(ProjectDependencies) = postProject
		{5F467BF7-757B-4430-B4CA-59626A6CE8CF} = {5F467BF7-757B-4430-B4CA-59626A6CE8CF}
		{1E1BEAFE-D85A-411C-87E4-D448BFC2FBD1} = {1E1BEAFE-D85A-411C-87E4-D448BFC2FBD1}
	EndProjectSection
EndProject
Project("{8BC9CEB8-8B4A-11D0-8D11-00A0C91BC942}") = "gsoap", "dep\gsoap\gsoap.vcxproj", "{D2EE5E0F-8E92-426A-9BA5-814B90A8DF95}"
	ProjectSection(ProjectDependencies) = postProject
		{5F467BF7-757B-4430-B4CA-59626A6CE8CF} = {5F467BF7-757B-4430-B4CA-59626A6CE8CF}
	EndProjectSection
EndProject
Project("{8BC9CEB8-8B4A-11D0-8D11-00A0C91BC942}") = "libmysql", "dep\mysqllite\libmysql.vcxproj", "{7F9B14C6-06C4-4CCE-8D63-2EDEB86A67C1}"
	ProjectSection(ProjectDependencies) = postProject
		{5F467BF7-757B-4430-B4CA-59626A6CE8CF} = {5F467BF7-757B-4430-B4CA-59626A6CE8CF}
		{010FE680-B79A-40D7-A40A-314019235B6B} = {010FE680-B79A-40D7-A40A-314019235B6B}
	EndProjectSection
EndProject
Project("{8BC9CEB8-8B4A-11D0-8D11-00A0C91BC942}") = "revision.h", "src\genrev\revision.h.vcxproj", "{1E1BEAFE-D85A-411C-87E4-D448BFC2FBD1}"
	ProjectSection(ProjectDependencies) = postProject
		{5F467BF7-757B-4430-B4CA-59626A6CE8CF} = {5F467BF7-757B-4430-B4CA-59626A6CE8CF}
	EndProjectSection
EndProject
Project("{8BC9CEB8-8B4A-11D0-8D11-00A0C91BC942}") = "scripts", "src\server\scripts\scripts.vcxproj", "{C272E02F-702D-43E2-8597-D874EFC18598}"
	ProjectSection(ProjectDependencies) = postProject
		{5F467BF7-757B-4430-B4CA-59626A6CE8CF} = {5F467BF7-757B-4430-B4CA-59626A6CE8CF}
		{1E1BEAFE-D85A-411C-87E4-D448BFC2FBD1} = {1E1BEAFE-D85A-411C-87E4-D448BFC2FBD1}
	EndProjectSection
EndProject
Project("{8BC9CEB8-8B4A-11D0-8D11-00A0C91BC942}") = "shared", "src\server\shared\shared.vcxproj", "{C5C06A96-8F56-4349-8E0D-F238482168F0}"
	ProjectSection(ProjectDependencies) = postProject
		{5F467BF7-757B-4430-B4CA-59626A6CE8CF} = {5F467BF7-757B-4430-B4CA-59626A6CE8CF}
		{7384B25D-F55F-423B-BD0E-F19A416904BC} = {7384B25D-F55F-423B-BD0E-F19A416904BC}
	EndProjectSection
EndProject
Project("{8BC9CEB8-8B4A-11D0-8D11-00A0C91BC942}") = "worldserver", "src\server\worldserver\worldserver.vcxproj", "{3F45BC26-D4BD-45A7-88BC-6563D60C519C}"
	ProjectSection(ProjectDependencies) = postProject
		{5F467BF7-757B-4430-B4CA-59626A6CE8CF} = {5F467BF7-757B-4430-B4CA-59626A6CE8CF}
		{7384B25D-F55F-423B-BD0E-F19A416904BC} = {7384B25D-F55F-423B-BD0E-F19A416904BC}
		{12E5C1DF-E9F1-42B7-A44E-8C9202076D70} = {12E5C1DF-E9F1-42B7-A44E-8C9202076D70}
		{99E4FB20-EF31-4399-BC3B-BC20F3651ED5} = {99E4FB20-EF31-4399-BC3B-BC20F3651ED5}
		{72B2AAA1-C52D-4F29-8137-2B1EEC82DE2B} = {72B2AAA1-C52D-4F29-8137-2B1EEC82DE2B}
		{D2EE5E0F-8E92-426A-9BA5-814B90A8DF95} = {D2EE5E0F-8E92-426A-9BA5-814B90A8DF95}
		{7F9B14C6-06C4-4CCE-8D63-2EDEB86A67C1} = {7F9B14C6-06C4-4CCE-8D63-2EDEB86A67C1}
		{1E1BEAFE-D85A-411C-87E4-D448BFC2FBD1} = {1E1BEAFE-D85A-411C-87E4-D448BFC2FBD1}
		{C272E02F-702D-43E2-8597-D874EFC18598} = {C272E02F-702D-43E2-8597-D874EFC18598}
		{C5C06A96-8F56-4349-8E0D-F238482168F0} = {C5C06A96-8F56-4349-8E0D-F238482168F0}
		{010FE680-B79A-40D7-A40A-314019235B6B} = {010FE680-B79A-40D7-A40A-314019235B6B}
	EndProjectSection
EndProject
Project("{8BC9CEB8-8B4A-11D0-8D11-00A0C91BC942}") = "zlib", "dep\zlib\zlib.vcxproj", "{010FE680-B79A-40D7-A40A-314019235B6B}"
	ProjectSection(ProjectDependencies) = postProject
		{5F467BF7-757B-4430-B4CA-59626A6CE8CF} = {5F467BF7-757B-4430-B4CA-59626A6CE8CF}
	EndProjectSection
EndProject
Global
	GlobalSection(SolutionConfigurationPlatforms) = preSolution
		Debug|Win32 = Debug|Win32
		Release|Win32 = Release|Win32
		MinSizeRel|Win32 = MinSizeRel|Win32
		RelWithDebInfo|Win32 = RelWithDebInfo|Win32
	EndGlobalSection
	GlobalSection(ProjectConfigurationPlatforms) = postSolution
		{2FFBF7F6-4112-42B3-B456-1E7AE5A13079}.Debug|Win32.ActiveCfg = Debug|Win32
		{2FFBF7F6-4112-42B3-B456-1E7AE5A13079}.Debug|Win32.Build.0 = Debug|Win32
		{2FFBF7F6-4112-42B3-B456-1E7AE5A13079}.Release|Win32.ActiveCfg = Release|Win32
		{2FFBF7F6-4112-42B3-B456-1E7AE5A13079}.Release|Win32.Build.0 = Release|Win32
		{2FFBF7F6-4112-42B3-B456-1E7AE5A13079}.MinSizeRel|Win32.ActiveCfg = MinSizeRel|Win32
		{2FFBF7F6-4112-42B3-B456-1E7AE5A13079}.MinSizeRel|Win32.Build.0 = MinSizeRel|Win32
		{2FFBF7F6-4112-42B3-B456-1E7AE5A13079}.RelWithDebInfo|Win32.ActiveCfg = RelWithDebInfo|Win32
		{2FFBF7F6-4112-42B3-B456-1E7AE5A13079}.RelWithDebInfo|Win32.Build.0 = RelWithDebInfo|Win32
		{3C96B2A1-6D8A-4C0F-AFD3-4CF1BFB24BF1}.Debug|Win32.ActiveCfg = Debug|Win32
		{3C96B2A1-6D8A-4C0F-AFD3-4CF1BFB24BF1}.Release|Win32.ActiveCfg = Release|Win32
		{3C96B2A1-6D8A-4C0F-AFD3-4CF1BFB24BF1}.MinSizeRel|Win32.ActiveCfg = MinSizeRel|Win32
		{3C96B2A1-6D8A-4C0F-AFD3-4CF1BFB24BF1}.RelWithDebInfo|Win32.ActiveCfg = RelWithDebInfo|Win32
		{5F467BF7-757B-4430-B4CA-59626A6CE8CF}.Debug|Win32.ActiveCfg = Debug|Win32
		{5F467BF7-757B-4430-B4CA-59626A6CE8CF}.Debug|Win32.Build.0 = Debug|Win32
		{5F467BF7-757B-4430-B4CA-59626A6CE8CF}.Release|Win32.ActiveCfg = Release|Win32
		{5F467BF7-757B-4430-B4CA-59626A6CE8CF}.Release|Win32.Build.0 = Release|Win32
		{5F467BF7-757B-4430-B4CA-59626A6CE8CF}.MinSizeRel|Win32.ActiveCfg = MinSizeRel|Win32
		{5F467BF7-757B-4430-B4CA-59626A6CE8CF}.MinSizeRel|Win32.Build.0 = MinSizeRel|Win32
		{5F467BF7-757B-4430-B4CA-59626A6CE8CF}.RelWithDebInfo|Win32.ActiveCfg = RelWithDebInfo|Win32
		{5F467BF7-757B-4430-B4CA-59626A6CE8CF}.RelWithDebInfo|Win32.Build.0 = RelWithDebInfo|Win32
		{7384B25D-F55F-423B-BD0E-F19A416904BC}.Debug|Win32.ActiveCfg = Debug|Win32
		{7384B25D-F55F-423B-BD0E-F19A416904BC}.Debug|Win32.Build.0 = Debug|Win32
		{7384B25D-F55F-423B-BD0E-F19A416904BC}.Release|Win32.ActiveCfg = Release|Win32
		{7384B25D-F55F-423B-BD0E-F19A416904BC}.Release|Win32.Build.0 = Release|Win32
		{7384B25D-F55F-423B-BD0E-F19A416904BC}.MinSizeRel|Win32.ActiveCfg = MinSizeRel|Win32
		{7384B25D-F55F-423B-BD0E-F19A416904BC}.MinSizeRel|Win32.Build.0 = MinSizeRel|Win32
		{7384B25D-F55F-423B-BD0E-F19A416904BC}.RelWithDebInfo|Win32.ActiveCfg = RelWithDebInfo|Win32
		{7384B25D-F55F-423B-BD0E-F19A416904BC}.RelWithDebInfo|Win32.Build.0 = RelWithDebInfo|Win32
		{750D405B-CCA5-44B9-8473-B62D8BFD66C5}.Debug|Win32.ActiveCfg = Debug|Win32
		{750D405B-CCA5-44B9-8473-B62D8BFD66C5}.Debug|Win32.Build.0 = Debug|Win32
		{750D405B-CCA5-44B9-8473-B62D8BFD66C5}.Release|Win32.ActiveCfg = Release|Win32
		{750D405B-CCA5-44B9-8473-B62D8BFD66C5}.Release|Win32.Build.0 = Release|Win32
		{750D405B-CCA5-44B9-8473-B62D8BFD66C5}.MinSizeRel|Win32.ActiveCfg = MinSizeRel|Win32
		{750D405B-CCA5-44B9-8473-B62D8BFD66C5}.MinSizeRel|Win32.Build.0 = MinSizeRel|Win32
		{750D405B-CCA5-44B9-8473-B62D8BFD66C5}.RelWithDebInfo|Win32.ActiveCfg = RelWithDebInfo|Win32
		{750D405B-CCA5-44B9-8473-B62D8BFD66C5}.RelWithDebInfo|Win32.Build.0 = RelWithDebInfo|Win32
		{12E5C1DF-E9F1-42B7-A44E-8C9202076D70}.Debug|Win32.ActiveCfg = Debug|Win32
		{12E5C1DF-E9F1-42B7-A44E-8C9202076D70}.Debug|Win32.Build.0 = Debug|Win32
		{12E5C1DF-E9F1-42B7-A44E-8C9202076D70}.Release|Win32.ActiveCfg = Release|Win32
		{12E5C1DF-E9F1-42B7-A44E-8C9202076D70}.Release|Win32.Build.0 = Release|Win32
		{12E5C1DF-E9F1-42B7-A44E-8C9202076D70}.MinSizeRel|Win32.ActiveCfg = MinSizeRel|Win32
		{12E5C1DF-E9F1-42B7-A44E-8C9202076D70}.MinSizeRel|Win32.Build.0 = MinSizeRel|Win32
		{12E5C1DF-E9F1-42B7-A44E-8C9202076D70}.RelWithDebInfo|Win32.ActiveCfg = RelWithDebInfo|Win32
		{12E5C1DF-E9F1-42B7-A44E-8C9202076D70}.RelWithDebInfo|Win32.Build.0 = RelWithDebInfo|Win32
		{99E4FB20-EF31-4399-BC3B-BC20F3651ED5}.Debug|Win32.ActiveCfg = Debug|Win32
		{99E4FB20-EF31-4399-BC3B-BC20F3651ED5}.Debug|Win32.Build.0 = Debug|Win32
		{99E4FB20-EF31-4399-BC3B-BC20F3651ED5}.Release|Win32.ActiveCfg = Release|Win32
		{99E4FB20-EF31-4399-BC3B-BC20F3651ED5}.Release|Win32.Build.0 = Release|Win32
		{99E4FB20-EF31-4399-BC3B-BC20F3651ED5}.MinSizeRel|Win32.ActiveCfg = MinSizeRel|Win32
		{99E4FB20-EF31-4399-BC3B-BC20F3651ED5}.MinSizeRel|Win32.Build.0 = MinSizeRel|Win32
		{99E4FB20-EF31-4399-BC3B-BC20F3651ED5}.RelWithDebInfo|Win32.ActiveCfg = RelWithDebInfo|Win32
		{99E4FB20-EF31-4399-BC3B-BC20F3651ED5}.RelWithDebInfo|Win32.Build.0 = RelWithDebInfo|Win32
		{72B2AAA1-C52D-4F29-8137-2B1EEC82DE2B}.Debug|Win32.ActiveCfg = Debug|Win32
		{72B2AAA1-C52D-4F29-8137-2B1EEC82DE2B}.Debug|Win32.Build.0 = Debug|Win32
		{72B2AAA1-C52D-4F29-8137-2B1EEC82DE2B}.Release|Win32.ActiveCfg = Release|Win32
		{72B2AAA1-C52D-4F29-8137-2B1EEC82DE2B}.Release|Win32.Build.0 = Release|Win32
		{72B2AAA1-C52D-4F29-8137-2B1EEC82DE2B}.MinSizeRel|Win32.ActiveCfg = MinSizeRel|Win32
		{72B2AAA1-C52D-4F29-8137-2B1EEC82DE2B}.MinSizeRel|Win32.Build.0 = MinSizeRel|Win32
		{72B2AAA1-C52D-4F29-8137-2B1EEC82DE2B}.RelWithDebInfo|Win32.ActiveCfg = RelWithDebInfo|Win32
		{72B2AAA1-C52D-4F29-8137-2B1EEC82DE2B}.RelWithDebInfo|Win32.Build.0 = RelWithDebInfo|Win32
		{D2EE5E0F-8E92-426A-9BA5-814B90A8DF95}.Debug|Win32.ActiveCfg = Debug|Win32
		{D2EE5E0F-8E92-426A-9BA5-814B90A8DF95}.Debug|Win32.Build.0 = Debug|Win32
		{D2EE5E0F-8E92-426A-9BA5-814B90A8DF95}.Release|Win32.ActiveCfg = Release|Win32
		{D2EE5E0F-8E92-426A-9BA5-814B90A8DF95}.Release|Win32.Build.0 = Release|Win32
		{D2EE5E0F-8E92-426A-9BA5-814B90A8DF95}.MinSizeRel|Win32.ActiveCfg = MinSizeRel|Win32
		{D2EE5E0F-8E92-426A-9BA5-814B90A8DF95}.MinSizeRel|Win32.Build.0 = MinSizeRel|Win32
		{D2EE5E0F-8E92-426A-9BA5-814B90A8DF95}.RelWithDebInfo|Win32.ActiveCfg = RelWithDebInfo|Win32
		{D2EE5E0F-8E92-426A-9BA5-814B90A8DF95}.RelWithDebInfo|Win32.Build.0 = RelWithDebInfo|Win32
		{7F9B14C6-06C4-4CCE-8D63-2EDEB86A67C1}.Debug|Win32.ActiveCfg = Debug|Win32
		{7F9B14C6-06C4-4CCE-8D63-2EDEB86A67C1}.Debug|Win32.Build.0 = Debug|Win32
		{7F9B14C6-06C4-4CCE-8D63-2EDEB86A67C1}.Release|Win32.ActiveCfg = Release|Win32
		{7F9B14C6-06C4-4CCE-8D63-2EDEB86A67C1}.Release|Win32.Build.0 = Release|Win32
		{7F9B14C6-06C4-4CCE-8D63-2EDEB86A67C1}.MinSizeRel|Win32.ActiveCfg = MinSizeRel|Win32
		{7F9B14C6-06C4-4CCE-8D63-2EDEB86A67C1}.MinSizeRel|Win32.Build.0 = MinSizeRel|Win32
		{7F9B14C6-06C4-4CCE-8D63-2EDEB86A67C1}.RelWithDebInfo|Win32.ActiveCfg = RelWithDebInfo|Win32
		{7F9B14C6-06C4-4CCE-8D63-2EDEB86A67C1}.RelWithDebInfo|Win32.Build.0 = RelWithDebInfo|Win32
		{1E1BEAFE-D85A-411C-87E4-D448BFC2FBD1}.Debug|Win32.ActiveCfg = Debug|Win32
		{1E1BEAFE-D85A-411C-87E4-D448BFC2FBD1}.Debug|Win32.Build.0 = Debug|Win32
		{1E1BEAFE-D85A-411C-87E4-D448BFC2FBD1}.Release|Win32.ActiveCfg = Release|Win32
		{1E1BEAFE-D85A-411C-87E4-D448BFC2FBD1}.Release|Win32.Build.0 = Release|Win32
		{1E1BEAFE-D85A-411C-87E4-D448BFC2FBD1}.MinSizeRel|Win32.ActiveCfg = MinSizeRel|Win32
		{1E1BEAFE-D85A-411C-87E4-D448BFC2FBD1}.MinSizeRel|Win32.Build.0 = MinSizeRel|Win32
		{1E1BEAFE-D85A-411C-87E4-D448BFC2FBD1}.RelWithDebInfo|Win32.ActiveCfg = RelWithDebInfo|Win32
		{1E1BEAFE-D85A-411C-87E4-D448BFC2FBD1}.RelWithDebInfo|Win32.Build.0 = RelWithDebInfo|Win32
		{C272E02F-702D-43E2-8597-D874EFC18598}.Debug|Win32.ActiveCfg = Debug|Win32
		{C272E02F-702D-43E2-8597-D874EFC18598}.Debug|Win32.Build.0 = Debug|Win32
		{C272E02F-702D-43E2-8597-D874EFC18598}.Release|Win32.ActiveCfg = Release|Win32
		{C272E02F-702D-43E2-8597-D874EFC18598}.Release|Win32.Build.0 = Release|Win32
		{C272E02F-702D-43E2-8597-D874EFC18598}.MinSizeRel|Win32.ActiveCfg = MinSizeRel|Win32
		{C272E02F-702D-43E2-8597-D874EFC18598}.MinSizeRel|Win32.Build.0 = MinSizeRel|Win32
		{C272E02F-702D-43E2-8597-D874EFC18598}.RelWithDebInfo|Win32.ActiveCfg = RelWithDebInfo|Win32
		{C272E02F-702D-43E2-8597-D874EFC18598}.RelWithDebInfo|Win32.Build.0 = RelWithDebInfo|Win32
		{C5C06A96-8F56-4349-8E0D-F238482168F0}.Debug|Win32.ActiveCfg = Debug|Win32
		{C5C06A96-8F56-4349-8E0D-F238482168F0}.Debug|Win32.Build.0 = Debug|Win32
		{C5C06A96-8F56-4349-8E0D-F238482168F0}.Release|Win32.ActiveCfg = Release|Win32
		{C5C06A96-8F56-4349-8E0D-F238482168F0}.Release|Win32.Build.0 = Release|Win32
		{C5C06A96-8F56-4349-8E0D-F238482168F0}.MinSizeRel|Win32.ActiveCfg = MinSizeRel|Win32
		{C5C06A96-8F56-4349-8E0D-F238482168F0}.MinSizeRel|Win32.Build.0 = MinSizeRel|Win32
		{C5C06A96-8F56-4349-8E0D-F238482168F0}.RelWithDebInfo|Win32.ActiveCfg = RelWithDebInfo|Win32
		{C5C06A96-8F56-4349-8E0D-F238482168F0}.RelWithDebInfo|Win32.Build.0 = RelWithDebInfo|Win32
		{3F45BC26-D4BD-45A7-88BC-6563D60C519C}.Debug|Win32.ActiveCfg = Debug|Win32
		{3F45BC26-D4BD-45A7-88BC-6563D60C519C}.Debug|Win32.Build.0 = Debug|Win32
		{3F45BC26-D4BD-45A7-88BC-6563D60C519C}.Release|Win32.ActiveCfg = Release|Win32
		{3F45BC26-D4BD-45A7-88BC-6563D60C519C}.Release|Win32.Build.0 = Release|Win32
		{3F45BC26-D4BD-45A7-88BC-6563D60C519C}.MinSizeRel|Win32.ActiveCfg = MinSizeRel|Win32
		{3F45BC26-D4BD-45A7-88BC-6563D60C519C}.MinSizeRel|Win32.Build.0 = MinSizeRel|Win32
		{3F45BC26-D4BD-45A7-88BC-6563D60C519C}.RelWithDebInfo|Win32.ActiveCfg = RelWithDebInfo|Win32
		{3F45BC26-D4BD-45A7-88BC-6563D60C519C}.RelWithDebInfo|Win32.Build.0 = RelWithDebInfo|Win32
		{010FE680-B79A-40D7-A40A-314019235B6B}.Debug|Win32.ActiveCfg = Debug|Win32
		{010FE680-B79A-40D7-A40A-314019235B6B}.Debug|Win32.Build.0 = Debug|Win32
		{010FE680-B79A-40D7-A40A-314019235B6B}.Release|Win32.ActiveCfg = Release|Win32
		{010FE680-B79A-40D7-A40A-314019235B6B}.Release|Win32.Build.0 = Release|Win32
		{010FE680-B79A-40D7-A40A-314019235B6B}.MinSizeRel|Win32.ActiveCfg = MinSizeRel|Win32
		{010FE680-B79A-40D7-A40A-314019235B6B}.MinSizeRel|Win32.Build.0 = MinSizeRel|Win32
		{010FE680-B79A-40D7-A40A-314019235B6B}.RelWithDebInfo|Win32.ActiveCfg = RelWithDebInfo|Win32
		{010FE680-B79A-40D7-A40A-314019235B6B}.RelWithDebInfo|Win32.Build.0 = RelWithDebInfo|Win32
	EndGlobalSection
	GlobalSection(ExtensibilityGlobals) = postSolution
	EndGlobalSection
	GlobalSection(ExtensibilityAddIns) = postSolution
	EndGlobalSection
EndGlobal
