Microsoft Visual Studio Solution File, Format Version 10.00
# Visual Studio 2008
Project("{8BC9CEB8-8B4A-11D0-8D11-00A0C91BC942}") = "ALL_BUILD", ".\ALL_BUILD.vcproj", "{922AB764-9382-4886-BDEB-0D69CAC44103}"
	ProjectSection(ProjectDependencies) = postProject
		{916EF31A-3BE8-4CA2-8779-EFE5F529797E} = {916EF31A-3BE8-4CA2-8779-EFE5F529797E}
		{F89E9734-3E12-4D47-AEE9-37921ABECE74} = {F89E9734-3E12-4D47-AEE9-37921ABECE74}
		{6248D526-17AC-4F9C-BD9F-6C28151AD3FE} = {6248D526-17AC-4F9C-BD9F-6C28151AD3FE}
		{BEC99BC3-87E0-4A0B-9229-9117779884CC} = {BEC99BC3-87E0-4A0B-9229-9117779884CC}
		{22573B4A-B83C-4980-8D7A-BC3968BF010C} = {22573B4A-B83C-4980-8D7A-BC3968BF010C}
		{40A26EF7-4CCA-418A-973A-B1E397B051EE} = {40A26EF7-4CCA-418A-973A-B1E397B051EE}
		{185E8B40-A2A4-497E-9617-40F17A286722} = {185E8B40-A2A4-497E-9617-40F17A286722}
		{7D6AF3F8-1FFC-4C8E-9410-31155C23615B} = {7D6AF3F8-1FFC-4C8E-9410-31155C23615B}
		{669C256F-2918-4013-9B36-C615AEFAA5C9} = {669C256F-2918-4013-9B36-C615AEFAA5C9}
		{19CA5603-05E2-48AD-849D-106E485844DE} = {19CA5603-05E2-48AD-849D-106E485844DE}
		{2BA2F8B8-5975-431C-8F8A-2802F4B432CB} = {2BA2F8B8-5975-431C-8F8A-2802F4B432CB}
		{E1651BAE-EFFE-42BE-9B5D-D6E34F045771} = {E1651BAE-EFFE-42BE-9B5D-D6E34F045771}
		{16649BF3-1C88-40CD-8F2F-20F58E133865} = {16649BF3-1C88-40CD-8F2F-20F58E133865}
		{7878FF31-F774-4911-A150-656BBEEB84FF} = {7878FF31-F774-4911-A150-656BBEEB84FF}
	EndProjectSection
EndProject
Project("{8BC9CEB8-8B4A-11D0-8D11-00A0C91BC942}") = "INSTALL", ".\INSTALL.vcproj", "{B84E1B10-3E74-4B15-9373-93858C231AC9}"
	ProjectSection(ProjectDependencies) = postProject
		{922AB764-9382-4886-BDEB-0D69CAC44103} = {922AB764-9382-4886-BDEB-0D69CAC44103}
	EndProjectSection
EndProject
Project("{8BC9CEB8-8B4A-11D0-8D11-00A0C91BC942}") = "ZERO_CHECK", ".\ZERO_CHECK.vcproj", "{916EF31A-3BE8-4CA2-8779-EFE5F529797E}"
	ProjectSection(ProjectDependencies) = postProject
	EndProjectSection
EndProject
Project("{8BC9CEB8-8B4A-11D0-8D11-00A0C91BC942}") = "ace", "dep\acelite\ace\ace.vcproj", "{F89E9734-3E12-4D47-AEE9-37921ABECE74}"
	ProjectSection(ProjectDependencies) = postProject
		{916EF31A-3BE8-4CA2-8779-EFE5F529797E} = {916EF31A-3BE8-4CA2-8779-EFE5F529797E}
	EndProjectSection
EndProject
Project("{8BC9CEB8-8B4A-11D0-8D11-00A0C91BC942}") = "authserver", "src\server\authserver\authserver.vcproj", "{6248D526-17AC-4F9C-BD9F-6C28151AD3FE}"
	ProjectSection(ProjectDependencies) = postProject
		{916EF31A-3BE8-4CA2-8779-EFE5F529797E} = {916EF31A-3BE8-4CA2-8779-EFE5F529797E}
		{F89E9734-3E12-4D47-AEE9-37921ABECE74} = {F89E9734-3E12-4D47-AEE9-37921ABECE74}
		{7D6AF3F8-1FFC-4C8E-9410-31155C23615B} = {7D6AF3F8-1FFC-4C8E-9410-31155C23615B}
		{669C256F-2918-4013-9B36-C615AEFAA5C9} = {669C256F-2918-4013-9B36-C615AEFAA5C9}
		{2BA2F8B8-5975-431C-8F8A-2802F4B432CB} = {2BA2F8B8-5975-431C-8F8A-2802F4B432CB}
		{7878FF31-F774-4911-A150-656BBEEB84FF} = {7878FF31-F774-4911-A150-656BBEEB84FF}
	EndProjectSection
EndProject
Project("{8BC9CEB8-8B4A-11D0-8D11-00A0C91BC942}") = "collision", "src\server\collision\collision.vcproj", "{BEC99BC3-87E0-4A0B-9229-9117779884CC}"
	ProjectSection(ProjectDependencies) = postProject
		{916EF31A-3BE8-4CA2-8779-EFE5F529797E} = {916EF31A-3BE8-4CA2-8779-EFE5F529797E}
	EndProjectSection
EndProject
Project("{8BC9CEB8-8B4A-11D0-8D11-00A0C91BC942}") = "g3dlib", "dep\g3dlite\g3dlib.vcproj", "{22573B4A-B83C-4980-8D7A-BC3968BF010C}"
	ProjectSection(ProjectDependencies) = postProject
		{916EF31A-3BE8-4CA2-8779-EFE5F529797E} = {916EF31A-3BE8-4CA2-8779-EFE5F529797E}
	EndProjectSection
EndProject
Project("{8BC9CEB8-8B4A-11D0-8D11-00A0C91BC942}") = "game", "src\server\game\game.vcproj", "{40A26EF7-4CCA-418A-973A-B1E397B051EE}"
	ProjectSection(ProjectDependencies) = postProject
		{916EF31A-3BE8-4CA2-8779-EFE5F529797E} = {916EF31A-3BE8-4CA2-8779-EFE5F529797E}
		{669C256F-2918-4013-9B36-C615AEFAA5C9} = {669C256F-2918-4013-9B36-C615AEFAA5C9}
	EndProjectSection
EndProject
Project("{8BC9CEB8-8B4A-11D0-8D11-00A0C91BC942}") = "gsoap", "dep\gsoap\gsoap.vcproj", "{185E8B40-A2A4-497E-9617-40F17A286722}"
	ProjectSection(ProjectDependencies) = postProject
		{916EF31A-3BE8-4CA2-8779-EFE5F529797E} = {916EF31A-3BE8-4CA2-8779-EFE5F529797E}
	EndProjectSection
EndProject
Project("{8BC9CEB8-8B4A-11D0-8D11-00A0C91BC942}") = "libmysql", "dep\mysqllite\libmysql.vcproj", "{7D6AF3F8-1FFC-4C8E-9410-31155C23615B}"
	ProjectSection(ProjectDependencies) = postProject
		{916EF31A-3BE8-4CA2-8779-EFE5F529797E} = {916EF31A-3BE8-4CA2-8779-EFE5F529797E}
		{7878FF31-F774-4911-A150-656BBEEB84FF} = {7878FF31-F774-4911-A150-656BBEEB84FF}
	EndProjectSection
EndProject
Project("{8BC9CEB8-8B4A-11D0-8D11-00A0C91BC942}") = "revision.h", "src\genrev\revision.h.vcproj", "{669C256F-2918-4013-9B36-C615AEFAA5C9}"
	ProjectSection(ProjectDependencies) = postProject
		{916EF31A-3BE8-4CA2-8779-EFE5F529797E} = {916EF31A-3BE8-4CA2-8779-EFE5F529797E}
	EndProjectSection
EndProject
Project("{8BC9CEB8-8B4A-11D0-8D11-00A0C91BC942}") = "scripts", "src\server\scripts\scripts.vcproj", "{19CA5603-05E2-48AD-849D-106E485844DE}"
	ProjectSection(ProjectDependencies) = postProject
		{916EF31A-3BE8-4CA2-8779-EFE5F529797E} = {916EF31A-3BE8-4CA2-8779-EFE5F529797E}
		{669C256F-2918-4013-9B36-C615AEFAA5C9} = {669C256F-2918-4013-9B36-C615AEFAA5C9}
	EndProjectSection
EndProject
Project("{8BC9CEB8-8B4A-11D0-8D11-00A0C91BC942}") = "shared", "src\server\shared\shared.vcproj", "{2BA2F8B8-5975-431C-8F8A-2802F4B432CB}"
	ProjectSection(ProjectDependencies) = postProject
		{916EF31A-3BE8-4CA2-8779-EFE5F529797E} = {916EF31A-3BE8-4CA2-8779-EFE5F529797E}
	EndProjectSection
EndProject
Project("{8BC9CEB8-8B4A-11D0-8D11-00A0C91BC942}") = "trinitysockets", "dep\sockets\trinitysockets.vcproj", "{E1651BAE-EFFE-42BE-9B5D-D6E34F045771}"
	ProjectSection(ProjectDependencies) = postProject
		{916EF31A-3BE8-4CA2-8779-EFE5F529797E} = {916EF31A-3BE8-4CA2-8779-EFE5F529797E}
	EndProjectSection
EndProject
Project("{8BC9CEB8-8B4A-11D0-8D11-00A0C91BC942}") = "worldserver", "src\server\worldserver\worldserver.vcproj", "{16649BF3-1C88-40CD-8F2F-20F58E133865}"
	ProjectSection(ProjectDependencies) = postProject
		{916EF31A-3BE8-4CA2-8779-EFE5F529797E} = {916EF31A-3BE8-4CA2-8779-EFE5F529797E}
		{F89E9734-3E12-4D47-AEE9-37921ABECE74} = {F89E9734-3E12-4D47-AEE9-37921ABECE74}
		{BEC99BC3-87E0-4A0B-9229-9117779884CC} = {BEC99BC3-87E0-4A0B-9229-9117779884CC}
		{22573B4A-B83C-4980-8D7A-BC3968BF010C} = {22573B4A-B83C-4980-8D7A-BC3968BF010C}
		{40A26EF7-4CCA-418A-973A-B1E397B051EE} = {40A26EF7-4CCA-418A-973A-B1E397B051EE}
		{185E8B40-A2A4-497E-9617-40F17A286722} = {185E8B40-A2A4-497E-9617-40F17A286722}
		{7D6AF3F8-1FFC-4C8E-9410-31155C23615B} = {7D6AF3F8-1FFC-4C8E-9410-31155C23615B}
		{669C256F-2918-4013-9B36-C615AEFAA5C9} = {669C256F-2918-4013-9B36-C615AEFAA5C9}
		{19CA5603-05E2-48AD-849D-106E485844DE} = {19CA5603-05E2-48AD-849D-106E485844DE}
		{2BA2F8B8-5975-431C-8F8A-2802F4B432CB} = {2BA2F8B8-5975-431C-8F8A-2802F4B432CB}
		{E1651BAE-EFFE-42BE-9B5D-D6E34F045771} = {E1651BAE-EFFE-42BE-9B5D-D6E34F045771}
		{7878FF31-F774-4911-A150-656BBEEB84FF} = {7878FF31-F774-4911-A150-656BBEEB84FF}
	EndProjectSection
EndProject
Project("{8BC9CEB8-8B4A-11D0-8D11-00A0C91BC942}") = "zlib", "dep\zlib\zlib.vcproj", "{7878FF31-F774-4911-A150-656BBEEB84FF}"
	ProjectSection(ProjectDependencies) = postProject
		{916EF31A-3BE8-4CA2-8779-EFE5F529797E} = {916EF31A-3BE8-4CA2-8779-EFE5F529797E}
	EndProjectSection
EndProject
Global
	GlobalSection(SolutionConfigurationPlatforms) = preSolution
		Debug|Win32 = Debug|Win32
		Release|Win32 = Release|Win32
		MinSizeRel|Win32 = MinSizeRel|Win32
		RelWithDebInfo|Win32 = RelWithDebInfo|Win32
	EndGlobalSection
	GlobalSection(ProjectConfigurationPlatforms) = postSolution
		{922AB764-9382-4886-BDEB-0D69CAC44103}.Debug|Win32.ActiveCfg = Debug|Win32
		{922AB764-9382-4886-BDEB-0D69CAC44103}.Debug|Win32.Build.0 = Debug|Win32
		{922AB764-9382-4886-BDEB-0D69CAC44103}.Release|Win32.ActiveCfg = Release|Win32
		{922AB764-9382-4886-BDEB-0D69CAC44103}.Release|Win32.Build.0 = Release|Win32
		{922AB764-9382-4886-BDEB-0D69CAC44103}.MinSizeRel|Win32.ActiveCfg = MinSizeRel|Win32
		{922AB764-9382-4886-BDEB-0D69CAC44103}.MinSizeRel|Win32.Build.0 = MinSizeRel|Win32
		{922AB764-9382-4886-BDEB-0D69CAC44103}.RelWithDebInfo|Win32.ActiveCfg = RelWithDebInfo|Win32
		{922AB764-9382-4886-BDEB-0D69CAC44103}.RelWithDebInfo|Win32.Build.0 = RelWithDebInfo|Win32
		{B84E1B10-3E74-4B15-9373-93858C231AC9}.Debug|Win32.ActiveCfg = Debug|Win32
		{B84E1B10-3E74-4B15-9373-93858C231AC9}.Release|Win32.ActiveCfg = Release|Win32
		{B84E1B10-3E74-4B15-9373-93858C231AC9}.MinSizeRel|Win32.ActiveCfg = MinSizeRel|Win32
		{B84E1B10-3E74-4B15-9373-93858C231AC9}.RelWithDebInfo|Win32.ActiveCfg = RelWithDebInfo|Win32
		{916EF31A-3BE8-4CA2-8779-EFE5F529797E}.Debug|Win32.ActiveCfg = Debug|Win32
		{916EF31A-3BE8-4CA2-8779-EFE5F529797E}.Debug|Win32.Build.0 = Debug|Win32
		{916EF31A-3BE8-4CA2-8779-EFE5F529797E}.Release|Win32.ActiveCfg = Release|Win32
		{916EF31A-3BE8-4CA2-8779-EFE5F529797E}.Release|Win32.Build.0 = Release|Win32
		{916EF31A-3BE8-4CA2-8779-EFE5F529797E}.MinSizeRel|Win32.ActiveCfg = MinSizeRel|Win32
		{916EF31A-3BE8-4CA2-8779-EFE5F529797E}.MinSizeRel|Win32.Build.0 = MinSizeRel|Win32
		{916EF31A-3BE8-4CA2-8779-EFE5F529797E}.RelWithDebInfo|Win32.ActiveCfg = RelWithDebInfo|Win32
		{916EF31A-3BE8-4CA2-8779-EFE5F529797E}.RelWithDebInfo|Win32.Build.0 = RelWithDebInfo|Win32
		{F89E9734-3E12-4D47-AEE9-37921ABECE74}.Debug|Win32.ActiveCfg = Debug|Win32
		{F89E9734-3E12-4D47-AEE9-37921ABECE74}.Debug|Win32.Build.0 = Debug|Win32
		{F89E9734-3E12-4D47-AEE9-37921ABECE74}.Release|Win32.ActiveCfg = Release|Win32
		{F89E9734-3E12-4D47-AEE9-37921ABECE74}.Release|Win32.Build.0 = Release|Win32
		{F89E9734-3E12-4D47-AEE9-37921ABECE74}.MinSizeRel|Win32.ActiveCfg = MinSizeRel|Win32
		{F89E9734-3E12-4D47-AEE9-37921ABECE74}.MinSizeRel|Win32.Build.0 = MinSizeRel|Win32
		{F89E9734-3E12-4D47-AEE9-37921ABECE74}.RelWithDebInfo|Win32.ActiveCfg = RelWithDebInfo|Win32
		{F89E9734-3E12-4D47-AEE9-37921ABECE74}.RelWithDebInfo|Win32.Build.0 = RelWithDebInfo|Win32
		{6248D526-17AC-4F9C-BD9F-6C28151AD3FE}.Debug|Win32.ActiveCfg = Debug|Win32
		{6248D526-17AC-4F9C-BD9F-6C28151AD3FE}.Debug|Win32.Build.0 = Debug|Win32
		{6248D526-17AC-4F9C-BD9F-6C28151AD3FE}.Release|Win32.ActiveCfg = Release|Win32
		{6248D526-17AC-4F9C-BD9F-6C28151AD3FE}.Release|Win32.Build.0 = Release|Win32
		{6248D526-17AC-4F9C-BD9F-6C28151AD3FE}.MinSizeRel|Win32.ActiveCfg = MinSizeRel|Win32
		{6248D526-17AC-4F9C-BD9F-6C28151AD3FE}.MinSizeRel|Win32.Build.0 = MinSizeRel|Win32
		{6248D526-17AC-4F9C-BD9F-6C28151AD3FE}.RelWithDebInfo|Win32.ActiveCfg = RelWithDebInfo|Win32
		{6248D526-17AC-4F9C-BD9F-6C28151AD3FE}.RelWithDebInfo|Win32.Build.0 = RelWithDebInfo|Win32
		{BEC99BC3-87E0-4A0B-9229-9117779884CC}.Debug|Win32.ActiveCfg = Debug|Win32
		{BEC99BC3-87E0-4A0B-9229-9117779884CC}.Debug|Win32.Build.0 = Debug|Win32
		{BEC99BC3-87E0-4A0B-9229-9117779884CC}.Release|Win32.ActiveCfg = Release|Win32
		{BEC99BC3-87E0-4A0B-9229-9117779884CC}.Release|Win32.Build.0 = Release|Win32
		{BEC99BC3-87E0-4A0B-9229-9117779884CC}.MinSizeRel|Win32.ActiveCfg = MinSizeRel|Win32
		{BEC99BC3-87E0-4A0B-9229-9117779884CC}.MinSizeRel|Win32.Build.0 = MinSizeRel|Win32
		{BEC99BC3-87E0-4A0B-9229-9117779884CC}.RelWithDebInfo|Win32.ActiveCfg = RelWithDebInfo|Win32
		{BEC99BC3-87E0-4A0B-9229-9117779884CC}.RelWithDebInfo|Win32.Build.0 = RelWithDebInfo|Win32
		{22573B4A-B83C-4980-8D7A-BC3968BF010C}.Debug|Win32.ActiveCfg = Debug|Win32
		{22573B4A-B83C-4980-8D7A-BC3968BF010C}.Debug|Win32.Build.0 = Debug|Win32
		{22573B4A-B83C-4980-8D7A-BC3968BF010C}.Release|Win32.ActiveCfg = Release|Win32
		{22573B4A-B83C-4980-8D7A-BC3968BF010C}.Release|Win32.Build.0 = Release|Win32
		{22573B4A-B83C-4980-8D7A-BC3968BF010C}.MinSizeRel|Win32.ActiveCfg = MinSizeRel|Win32
		{22573B4A-B83C-4980-8D7A-BC3968BF010C}.MinSizeRel|Win32.Build.0 = MinSizeRel|Win32
		{22573B4A-B83C-4980-8D7A-BC3968BF010C}.RelWithDebInfo|Win32.ActiveCfg = RelWithDebInfo|Win32
		{22573B4A-B83C-4980-8D7A-BC3968BF010C}.RelWithDebInfo|Win32.Build.0 = RelWithDebInfo|Win32
		{40A26EF7-4CCA-418A-973A-B1E397B051EE}.Debug|Win32.ActiveCfg = Debug|Win32
		{40A26EF7-4CCA-418A-973A-B1E397B051EE}.Debug|Win32.Build.0 = Debug|Win32
		{40A26EF7-4CCA-418A-973A-B1E397B051EE}.Release|Win32.ActiveCfg = Release|Win32
		{40A26EF7-4CCA-418A-973A-B1E397B051EE}.Release|Win32.Build.0 = Release|Win32
		{40A26EF7-4CCA-418A-973A-B1E397B051EE}.MinSizeRel|Win32.ActiveCfg = MinSizeRel|Win32
		{40A26EF7-4CCA-418A-973A-B1E397B051EE}.MinSizeRel|Win32.Build.0 = MinSizeRel|Win32
		{40A26EF7-4CCA-418A-973A-B1E397B051EE}.RelWithDebInfo|Win32.ActiveCfg = RelWithDebInfo|Win32
		{40A26EF7-4CCA-418A-973A-B1E397B051EE}.RelWithDebInfo|Win32.Build.0 = RelWithDebInfo|Win32
		{185E8B40-A2A4-497E-9617-40F17A286722}.Debug|Win32.ActiveCfg = Debug|Win32
		{185E8B40-A2A4-497E-9617-40F17A286722}.Debug|Win32.Build.0 = Debug|Win32
		{185E8B40-A2A4-497E-9617-40F17A286722}.Release|Win32.ActiveCfg = Release|Win32
		{185E8B40-A2A4-497E-9617-40F17A286722}.Release|Win32.Build.0 = Release|Win32
		{185E8B40-A2A4-497E-9617-40F17A286722}.MinSizeRel|Win32.ActiveCfg = MinSizeRel|Win32
		{185E8B40-A2A4-497E-9617-40F17A286722}.MinSizeRel|Win32.Build.0 = MinSizeRel|Win32
		{185E8B40-A2A4-497E-9617-40F17A286722}.RelWithDebInfo|Win32.ActiveCfg = RelWithDebInfo|Win32
		{185E8B40-A2A4-497E-9617-40F17A286722}.RelWithDebInfo|Win32.Build.0 = RelWithDebInfo|Win32
		{7D6AF3F8-1FFC-4C8E-9410-31155C23615B}.Debug|Win32.ActiveCfg = Debug|Win32
		{7D6AF3F8-1FFC-4C8E-9410-31155C23615B}.Debug|Win32.Build.0 = Debug|Win32
		{7D6AF3F8-1FFC-4C8E-9410-31155C23615B}.Release|Win32.ActiveCfg = Release|Win32
		{7D6AF3F8-1FFC-4C8E-9410-31155C23615B}.Release|Win32.Build.0 = Release|Win32
		{7D6AF3F8-1FFC-4C8E-9410-31155C23615B}.MinSizeRel|Win32.ActiveCfg = MinSizeRel|Win32
		{7D6AF3F8-1FFC-4C8E-9410-31155C23615B}.MinSizeRel|Win32.Build.0 = MinSizeRel|Win32
		{7D6AF3F8-1FFC-4C8E-9410-31155C23615B}.RelWithDebInfo|Win32.ActiveCfg = RelWithDebInfo|Win32
		{7D6AF3F8-1FFC-4C8E-9410-31155C23615B}.RelWithDebInfo|Win32.Build.0 = RelWithDebInfo|Win32
		{669C256F-2918-4013-9B36-C615AEFAA5C9}.Debug|Win32.ActiveCfg = Debug|Win32
		{669C256F-2918-4013-9B36-C615AEFAA5C9}.Debug|Win32.Build.0 = Debug|Win32
		{669C256F-2918-4013-9B36-C615AEFAA5C9}.Release|Win32.ActiveCfg = Release|Win32
		{669C256F-2918-4013-9B36-C615AEFAA5C9}.Release|Win32.Build.0 = Release|Win32
		{669C256F-2918-4013-9B36-C615AEFAA5C9}.MinSizeRel|Win32.ActiveCfg = MinSizeRel|Win32
		{669C256F-2918-4013-9B36-C615AEFAA5C9}.MinSizeRel|Win32.Build.0 = MinSizeRel|Win32
		{669C256F-2918-4013-9B36-C615AEFAA5C9}.RelWithDebInfo|Win32.ActiveCfg = RelWithDebInfo|Win32
		{669C256F-2918-4013-9B36-C615AEFAA5C9}.RelWithDebInfo|Win32.Build.0 = RelWithDebInfo|Win32
		{19CA5603-05E2-48AD-849D-106E485844DE}.Debug|Win32.ActiveCfg = Debug|Win32
		{19CA5603-05E2-48AD-849D-106E485844DE}.Debug|Win32.Build.0 = Debug|Win32
		{19CA5603-05E2-48AD-849D-106E485844DE}.Release|Win32.ActiveCfg = Release|Win32
		{19CA5603-05E2-48AD-849D-106E485844DE}.Release|Win32.Build.0 = Release|Win32
		{19CA5603-05E2-48AD-849D-106E485844DE}.MinSizeRel|Win32.ActiveCfg = MinSizeRel|Win32
		{19CA5603-05E2-48AD-849D-106E485844DE}.MinSizeRel|Win32.Build.0 = MinSizeRel|Win32
		{19CA5603-05E2-48AD-849D-106E485844DE}.RelWithDebInfo|Win32.ActiveCfg = RelWithDebInfo|Win32
		{19CA5603-05E2-48AD-849D-106E485844DE}.RelWithDebInfo|Win32.Build.0 = RelWithDebInfo|Win32
		{2BA2F8B8-5975-431C-8F8A-2802F4B432CB}.Debug|Win32.ActiveCfg = Debug|Win32
		{2BA2F8B8-5975-431C-8F8A-2802F4B432CB}.Debug|Win32.Build.0 = Debug|Win32
		{2BA2F8B8-5975-431C-8F8A-2802F4B432CB}.Release|Win32.ActiveCfg = Release|Win32
		{2BA2F8B8-5975-431C-8F8A-2802F4B432CB}.Release|Win32.Build.0 = Release|Win32
		{2BA2F8B8-5975-431C-8F8A-2802F4B432CB}.MinSizeRel|Win32.ActiveCfg = MinSizeRel|Win32
		{2BA2F8B8-5975-431C-8F8A-2802F4B432CB}.MinSizeRel|Win32.Build.0 = MinSizeRel|Win32
		{2BA2F8B8-5975-431C-8F8A-2802F4B432CB}.RelWithDebInfo|Win32.ActiveCfg = RelWithDebInfo|Win32
		{2BA2F8B8-5975-431C-8F8A-2802F4B432CB}.RelWithDebInfo|Win32.Build.0 = RelWithDebInfo|Win32
		{E1651BAE-EFFE-42BE-9B5D-D6E34F045771}.Debug|Win32.ActiveCfg = Debug|Win32
		{E1651BAE-EFFE-42BE-9B5D-D6E34F045771}.Debug|Win32.Build.0 = Debug|Win32
		{E1651BAE-EFFE-42BE-9B5D-D6E34F045771}.Release|Win32.ActiveCfg = Release|Win32
		{E1651BAE-EFFE-42BE-9B5D-D6E34F045771}.Release|Win32.Build.0 = Release|Win32
		{E1651BAE-EFFE-42BE-9B5D-D6E34F045771}.MinSizeRel|Win32.ActiveCfg = MinSizeRel|Win32
		{E1651BAE-EFFE-42BE-9B5D-D6E34F045771}.MinSizeRel|Win32.Build.0 = MinSizeRel|Win32
		{E1651BAE-EFFE-42BE-9B5D-D6E34F045771}.RelWithDebInfo|Win32.ActiveCfg = RelWithDebInfo|Win32
		{E1651BAE-EFFE-42BE-9B5D-D6E34F045771}.RelWithDebInfo|Win32.Build.0 = RelWithDebInfo|Win32
		{16649BF3-1C88-40CD-8F2F-20F58E133865}.Debug|Win32.ActiveCfg = Debug|Win32
		{16649BF3-1C88-40CD-8F2F-20F58E133865}.Debug|Win32.Build.0 = Debug|Win32
		{16649BF3-1C88-40CD-8F2F-20F58E133865}.Release|Win32.ActiveCfg = Release|Win32
		{16649BF3-1C88-40CD-8F2F-20F58E133865}.Release|Win32.Build.0 = Release|Win32
		{16649BF3-1C88-40CD-8F2F-20F58E133865}.MinSizeRel|Win32.ActiveCfg = MinSizeRel|Win32
		{16649BF3-1C88-40CD-8F2F-20F58E133865}.MinSizeRel|Win32.Build.0 = MinSizeRel|Win32
		{16649BF3-1C88-40CD-8F2F-20F58E133865}.RelWithDebInfo|Win32.ActiveCfg = RelWithDebInfo|Win32
		{16649BF3-1C88-40CD-8F2F-20F58E133865}.RelWithDebInfo|Win32.Build.0 = RelWithDebInfo|Win32
		{7878FF31-F774-4911-A150-656BBEEB84FF}.Debug|Win32.ActiveCfg = Debug|Win32
		{7878FF31-F774-4911-A150-656BBEEB84FF}.Debug|Win32.Build.0 = Debug|Win32
		{7878FF31-F774-4911-A150-656BBEEB84FF}.Release|Win32.ActiveCfg = Release|Win32
		{7878FF31-F774-4911-A150-656BBEEB84FF}.Release|Win32.Build.0 = Release|Win32
		{7878FF31-F774-4911-A150-656BBEEB84FF}.MinSizeRel|Win32.ActiveCfg = MinSizeRel|Win32
		{7878FF31-F774-4911-A150-656BBEEB84FF}.MinSizeRel|Win32.Build.0 = MinSizeRel|Win32
		{7878FF31-F774-4911-A150-656BBEEB84FF}.RelWithDebInfo|Win32.ActiveCfg = RelWithDebInfo|Win32
		{7878FF31-F774-4911-A150-656BBEEB84FF}.RelWithDebInfo|Win32.Build.0 = RelWithDebInfo|Win32
	EndGlobalSection
	GlobalSection(ExtensibilityGlobals) = postSolution
	EndGlobalSection
	GlobalSection(ExtensibilityAddIns) = postSolution
	EndGlobalSection
EndGlobal
