Microsoft Visual Studio Solution File, Format Version 10.00
# Visual Studio 2008
Project("{8BC9CEB8-8B4A-11D0-8D11-00A0C91BC942}") = "ALL_BUILD", ".\ALL_BUILD.vcproj", "{EF46D861-6B7E-4184-AC65-36FBBBAED319}"
	ProjectSection(ProjectDependencies) = postProject
		{DE454FFB-70BB-4B91-9288-6CDDBC1F8162} = {DE454FFB-70BB-4B91-9288-6CDDBC1F8162}
		{C2B387D5-CA6C-4DAB-9A36-F305C4ECE97A} = {C2B387D5-CA6C-4DAB-9A36-F305C4ECE97A}
		{BF5D5C58-C85A-40A1-A84D-B4F0E5EE7982} = {BF5D5C58-C85A-40A1-A84D-B4F0E5EE7982}
		{3FB16215-B37E-4F28-A2E7-7F1C7BC21B59} = {3FB16215-B37E-4F28-A2E7-7F1C7BC21B59}
		{04AE186A-B855-4C8C-8657-5179EBF8FC05} = {04AE186A-B855-4C8C-8657-5179EBF8FC05}
		{B5603A6E-F6BA-4A12-9433-670D95BF4A72} = {B5603A6E-F6BA-4A12-9433-670D95BF4A72}
		{F274F903-3681-45B1-BF7E-78C048BDE6EA} = {F274F903-3681-45B1-BF7E-78C048BDE6EA}
		{41019529-5F8E-4BE2-A33C-94EEEA1F7243} = {41019529-5F8E-4BE2-A33C-94EEEA1F7243}
		{850AE87B-5797-44C4-B7D7-046D68837CDC} = {850AE87B-5797-44C4-B7D7-046D68837CDC}
		{A8E59707-9938-4F30-BF5C-C3342E489477} = {A8E59707-9938-4F30-BF5C-C3342E489477}
		{40138F6A-4F62-4058-97D8-49E9F515B673} = {40138F6A-4F62-4058-97D8-49E9F515B673}
		{C8C7164D-3541-49DD-9938-F69616BB81BB} = {C8C7164D-3541-49DD-9938-F69616BB81BB}
		{0D852AE3-3946-4F08-BEF2-9DE9F7EB96CC} = {0D852AE3-3946-4F08-BEF2-9DE9F7EB96CC}
		{D5BDA9D2-0F8F-4ED5-8AAF-A9C8F1287E8F} = {D5BDA9D2-0F8F-4ED5-8AAF-A9C8F1287E8F}
		{0B3D62E6-3878-4AC2-BCF0-31577C088BC1} = {0B3D62E6-3878-4AC2-BCF0-31577C088BC1}
	EndProjectSection
EndProject
Project("{8BC9CEB8-8B4A-11D0-8D11-00A0C91BC942}") = "INSTALL", ".\INSTALL.vcproj", "{BCF2306E-F329-47FB-B4ED-8C96BE2B4CE8}"
	ProjectSection(ProjectDependencies) = postProject
		{EF46D861-6B7E-4184-AC65-36FBBBAED319} = {EF46D861-6B7E-4184-AC65-36FBBBAED319}
	EndProjectSection
EndProject
Project("{8BC9CEB8-8B4A-11D0-8D11-00A0C91BC942}") = "ZERO_CHECK", ".\ZERO_CHECK.vcproj", "{DE454FFB-70BB-4B91-9288-6CDDBC1F8162}"
	ProjectSection(ProjectDependencies) = postProject
	EndProjectSection
EndProject
Project("{8BC9CEB8-8B4A-11D0-8D11-00A0C91BC942}") = "ace", "dep\acelite\ace\ace.vcproj", "{C2B387D5-CA6C-4DAB-9A36-F305C4ECE97A}"
	ProjectSection(ProjectDependencies) = postProject
		{DE454FFB-70BB-4B91-9288-6CDDBC1F8162} = {DE454FFB-70BB-4B91-9288-6CDDBC1F8162}
	EndProjectSection
EndProject
Project("{8BC9CEB8-8B4A-11D0-8D11-00A0C91BC942}") = "authserver", "src\server\authserver\authserver.vcproj", "{BF5D5C58-C85A-40A1-A84D-B4F0E5EE7982}"
	ProjectSection(ProjectDependencies) = postProject
		{C8C7164D-3541-49DD-9938-F69616BB81BB} = {C8C7164D-3541-49DD-9938-F69616BB81BB}
		{850AE87B-5797-44C4-B7D7-046D68837CDC} = {850AE87B-5797-44C4-B7D7-046D68837CDC}
		{C2B387D5-CA6C-4DAB-9A36-F305C4ECE97A} = {C2B387D5-CA6C-4DAB-9A36-F305C4ECE97A}
		{0B3D62E6-3878-4AC2-BCF0-31577C088BC1} = {0B3D62E6-3878-4AC2-BCF0-31577C088BC1}
		{DE454FFB-70BB-4B91-9288-6CDDBC1F8162} = {DE454FFB-70BB-4B91-9288-6CDDBC1F8162}
		{A8E59707-9938-4F30-BF5C-C3342E489477} = {A8E59707-9938-4F30-BF5C-C3342E489477}
	EndProjectSection
EndProject
Project("{8BC9CEB8-8B4A-11D0-8D11-00A0C91BC942}") = "bzip2", "dep\bzip2\bzip2.vcproj", "{3FB16215-B37E-4F28-A2E7-7F1C7BC21B59}"
	ProjectSection(ProjectDependencies) = postProject
		{DE454FFB-70BB-4B91-9288-6CDDBC1F8162} = {DE454FFB-70BB-4B91-9288-6CDDBC1F8162}
	EndProjectSection
EndProject
Project("{8BC9CEB8-8B4A-11D0-8D11-00A0C91BC942}") = "collision", "src\server\collision\collision.vcproj", "{04AE186A-B855-4C8C-8657-5179EBF8FC05}"
	ProjectSection(ProjectDependencies) = postProject
		{DE454FFB-70BB-4B91-9288-6CDDBC1F8162} = {DE454FFB-70BB-4B91-9288-6CDDBC1F8162}
	EndProjectSection
EndProject
Project("{8BC9CEB8-8B4A-11D0-8D11-00A0C91BC942}") = "g3dlib", "dep\g3dlite\g3dlib.vcproj", "{B5603A6E-F6BA-4A12-9433-670D95BF4A72}"
	ProjectSection(ProjectDependencies) = postProject
		{DE454FFB-70BB-4B91-9288-6CDDBC1F8162} = {DE454FFB-70BB-4B91-9288-6CDDBC1F8162}
	EndProjectSection
EndProject
Project("{8BC9CEB8-8B4A-11D0-8D11-00A0C91BC942}") = "game", "src\server\game\game.vcproj", "{F274F903-3681-45B1-BF7E-78C048BDE6EA}"
	ProjectSection(ProjectDependencies) = postProject
		{DE454FFB-70BB-4B91-9288-6CDDBC1F8162} = {DE454FFB-70BB-4B91-9288-6CDDBC1F8162}
		{A8E59707-9938-4F30-BF5C-C3342E489477} = {A8E59707-9938-4F30-BF5C-C3342E489477}
	EndProjectSection
EndProject
Project("{8BC9CEB8-8B4A-11D0-8D11-00A0C91BC942}") = "gsoap", "dep\gsoap\gsoap.vcproj", "{41019529-5F8E-4BE2-A33C-94EEEA1F7243}"
	ProjectSection(ProjectDependencies) = postProject
		{DE454FFB-70BB-4B91-9288-6CDDBC1F8162} = {DE454FFB-70BB-4B91-9288-6CDDBC1F8162}
	EndProjectSection
EndProject
Project("{8BC9CEB8-8B4A-11D0-8D11-00A0C91BC942}") = "libmysql", "dep\mysqllite\libmysql.vcproj", "{850AE87B-5797-44C4-B7D7-046D68837CDC}"
	ProjectSection(ProjectDependencies) = postProject
		{0B3D62E6-3878-4AC2-BCF0-31577C088BC1} = {0B3D62E6-3878-4AC2-BCF0-31577C088BC1}
		{DE454FFB-70BB-4B91-9288-6CDDBC1F8162} = {DE454FFB-70BB-4B91-9288-6CDDBC1F8162}
	EndProjectSection
EndProject
Project("{8BC9CEB8-8B4A-11D0-8D11-00A0C91BC942}") = "revision.h", "src\genrev\revision.h.vcproj", "{A8E59707-9938-4F30-BF5C-C3342E489477}"
	ProjectSection(ProjectDependencies) = postProject
		{DE454FFB-70BB-4B91-9288-6CDDBC1F8162} = {DE454FFB-70BB-4B91-9288-6CDDBC1F8162}
	EndProjectSection
EndProject
Project("{8BC9CEB8-8B4A-11D0-8D11-00A0C91BC942}") = "scripts", "src\server\scripts\scripts.vcproj", "{40138F6A-4F62-4058-97D8-49E9F515B673}"
	ProjectSection(ProjectDependencies) = postProject
		{DE454FFB-70BB-4B91-9288-6CDDBC1F8162} = {DE454FFB-70BB-4B91-9288-6CDDBC1F8162}
		{A8E59707-9938-4F30-BF5C-C3342E489477} = {A8E59707-9938-4F30-BF5C-C3342E489477}
	EndProjectSection
EndProject
Project("{8BC9CEB8-8B4A-11D0-8D11-00A0C91BC942}") = "shared", "src\server\shared\shared.vcproj", "{C8C7164D-3541-49DD-9938-F69616BB81BB}"
	ProjectSection(ProjectDependencies) = postProject
		{DE454FFB-70BB-4B91-9288-6CDDBC1F8162} = {DE454FFB-70BB-4B91-9288-6CDDBC1F8162}
	EndProjectSection
EndProject
Project("{8BC9CEB8-8B4A-11D0-8D11-00A0C91BC942}") = "trinitysockets", "dep\sockets\trinitysockets.vcproj", "{0D852AE3-3946-4F08-BEF2-9DE9F7EB96CC}"
	ProjectSection(ProjectDependencies) = postProject
		{DE454FFB-70BB-4B91-9288-6CDDBC1F8162} = {DE454FFB-70BB-4B91-9288-6CDDBC1F8162}
	EndProjectSection
EndProject
Project("{8BC9CEB8-8B4A-11D0-8D11-00A0C91BC942}") = "worldserver", "src\server\worldserver\worldserver.vcproj", "{D5BDA9D2-0F8F-4ED5-8AAF-A9C8F1287E8F}"
	ProjectSection(ProjectDependencies) = postProject
		{F274F903-3681-45B1-BF7E-78C048BDE6EA} = {F274F903-3681-45B1-BF7E-78C048BDE6EA}
		{C8C7164D-3541-49DD-9938-F69616BB81BB} = {C8C7164D-3541-49DD-9938-F69616BB81BB}
		{40138F6A-4F62-4058-97D8-49E9F515B673} = {40138F6A-4F62-4058-97D8-49E9F515B673}
		{0D852AE3-3946-4F08-BEF2-9DE9F7EB96CC} = {0D852AE3-3946-4F08-BEF2-9DE9F7EB96CC}
		{04AE186A-B855-4C8C-8657-5179EBF8FC05} = {04AE186A-B855-4C8C-8657-5179EBF8FC05}
		{B5603A6E-F6BA-4A12-9433-670D95BF4A72} = {B5603A6E-F6BA-4A12-9433-670D95BF4A72}
		{41019529-5F8E-4BE2-A33C-94EEEA1F7243} = {41019529-5F8E-4BE2-A33C-94EEEA1F7243}
		{C2B387D5-CA6C-4DAB-9A36-F305C4ECE97A} = {C2B387D5-CA6C-4DAB-9A36-F305C4ECE97A}
		{850AE87B-5797-44C4-B7D7-046D68837CDC} = {850AE87B-5797-44C4-B7D7-046D68837CDC}
		{0B3D62E6-3878-4AC2-BCF0-31577C088BC1} = {0B3D62E6-3878-4AC2-BCF0-31577C088BC1}
		{DE454FFB-70BB-4B91-9288-6CDDBC1F8162} = {DE454FFB-70BB-4B91-9288-6CDDBC1F8162}
		{A8E59707-9938-4F30-BF5C-C3342E489477} = {A8E59707-9938-4F30-BF5C-C3342E489477}
	EndProjectSection
EndProject
Project("{8BC9CEB8-8B4A-11D0-8D11-00A0C91BC942}") = "zlib", "dep\zlib\zlib.vcproj", "{0B3D62E6-3878-4AC2-BCF0-31577C088BC1}"
	ProjectSection(ProjectDependencies) = postProject
		{DE454FFB-70BB-4B91-9288-6CDDBC1F8162} = {DE454FFB-70BB-4B91-9288-6CDDBC1F8162}
	EndProjectSection
EndProject
Global
	GlobalSection(SolutionConfigurationPlatforms) = preSolution
		Debug|Win32 = Debug|Win32
		Release|Win32 = Release|Win32
		MinSizeRel|Win32 = MinSizeRel|Win32
		RelWithDebInfo|Win32 = RelWithDebInfo|Win32
	EndGlobalSection
	GlobalSection(ProjectConfigurationPlatforms) = postSolution
		{EF46D861-6B7E-4184-AC65-36FBBBAED319}.Debug|Win32.ActiveCfg = Debug|Win32
		{EF46D861-6B7E-4184-AC65-36FBBBAED319}.Debug|Win32.Build.0 = Debug|Win32
		{EF46D861-6B7E-4184-AC65-36FBBBAED319}.Release|Win32.ActiveCfg = Release|Win32
		{EF46D861-6B7E-4184-AC65-36FBBBAED319}.Release|Win32.Build.0 = Release|Win32
		{EF46D861-6B7E-4184-AC65-36FBBBAED319}.MinSizeRel|Win32.ActiveCfg = MinSizeRel|Win32
		{EF46D861-6B7E-4184-AC65-36FBBBAED319}.MinSizeRel|Win32.Build.0 = MinSizeRel|Win32
		{EF46D861-6B7E-4184-AC65-36FBBBAED319}.RelWithDebInfo|Win32.ActiveCfg = RelWithDebInfo|Win32
		{EF46D861-6B7E-4184-AC65-36FBBBAED319}.RelWithDebInfo|Win32.Build.0 = RelWithDebInfo|Win32
		{BCF2306E-F329-47FB-B4ED-8C96BE2B4CE8}.Debug|Win32.ActiveCfg = Debug|Win32
		{BCF2306E-F329-47FB-B4ED-8C96BE2B4CE8}.Release|Win32.ActiveCfg = Release|Win32
		{BCF2306E-F329-47FB-B4ED-8C96BE2B4CE8}.MinSizeRel|Win32.ActiveCfg = MinSizeRel|Win32
		{BCF2306E-F329-47FB-B4ED-8C96BE2B4CE8}.RelWithDebInfo|Win32.ActiveCfg = RelWithDebInfo|Win32
		{DE454FFB-70BB-4B91-9288-6CDDBC1F8162}.Debug|Win32.ActiveCfg = Debug|Win32
		{DE454FFB-70BB-4B91-9288-6CDDBC1F8162}.Debug|Win32.Build.0 = Debug|Win32
		{DE454FFB-70BB-4B91-9288-6CDDBC1F8162}.Release|Win32.ActiveCfg = Release|Win32
		{DE454FFB-70BB-4B91-9288-6CDDBC1F8162}.Release|Win32.Build.0 = Release|Win32
		{DE454FFB-70BB-4B91-9288-6CDDBC1F8162}.MinSizeRel|Win32.ActiveCfg = MinSizeRel|Win32
		{DE454FFB-70BB-4B91-9288-6CDDBC1F8162}.MinSizeRel|Win32.Build.0 = MinSizeRel|Win32
		{DE454FFB-70BB-4B91-9288-6CDDBC1F8162}.RelWithDebInfo|Win32.ActiveCfg = RelWithDebInfo|Win32
		{DE454FFB-70BB-4B91-9288-6CDDBC1F8162}.RelWithDebInfo|Win32.Build.0 = RelWithDebInfo|Win32
		{C2B387D5-CA6C-4DAB-9A36-F305C4ECE97A}.Debug|Win32.ActiveCfg = Debug|Win32
		{C2B387D5-CA6C-4DAB-9A36-F305C4ECE97A}.Debug|Win32.Build.0 = Debug|Win32
		{C2B387D5-CA6C-4DAB-9A36-F305C4ECE97A}.Release|Win32.ActiveCfg = Release|Win32
		{C2B387D5-CA6C-4DAB-9A36-F305C4ECE97A}.Release|Win32.Build.0 = Release|Win32
		{C2B387D5-CA6C-4DAB-9A36-F305C4ECE97A}.MinSizeRel|Win32.ActiveCfg = MinSizeRel|Win32
		{C2B387D5-CA6C-4DAB-9A36-F305C4ECE97A}.MinSizeRel|Win32.Build.0 = MinSizeRel|Win32
		{C2B387D5-CA6C-4DAB-9A36-F305C4ECE97A}.RelWithDebInfo|Win32.ActiveCfg = RelWithDebInfo|Win32
		{C2B387D5-CA6C-4DAB-9A36-F305C4ECE97A}.RelWithDebInfo|Win32.Build.0 = RelWithDebInfo|Win32
		{BF5D5C58-C85A-40A1-A84D-B4F0E5EE7982}.Debug|Win32.ActiveCfg = Debug|Win32
		{BF5D5C58-C85A-40A1-A84D-B4F0E5EE7982}.Debug|Win32.Build.0 = Debug|Win32
		{BF5D5C58-C85A-40A1-A84D-B4F0E5EE7982}.Release|Win32.ActiveCfg = Release|Win32
		{BF5D5C58-C85A-40A1-A84D-B4F0E5EE7982}.Release|Win32.Build.0 = Release|Win32
		{BF5D5C58-C85A-40A1-A84D-B4F0E5EE7982}.MinSizeRel|Win32.ActiveCfg = MinSizeRel|Win32
		{BF5D5C58-C85A-40A1-A84D-B4F0E5EE7982}.MinSizeRel|Win32.Build.0 = MinSizeRel|Win32
		{BF5D5C58-C85A-40A1-A84D-B4F0E5EE7982}.RelWithDebInfo|Win32.ActiveCfg = RelWithDebInfo|Win32
		{BF5D5C58-C85A-40A1-A84D-B4F0E5EE7982}.RelWithDebInfo|Win32.Build.0 = RelWithDebInfo|Win32
		{3FB16215-B37E-4F28-A2E7-7F1C7BC21B59}.Debug|Win32.ActiveCfg = Debug|Win32
		{3FB16215-B37E-4F28-A2E7-7F1C7BC21B59}.Debug|Win32.Build.0 = Debug|Win32
		{3FB16215-B37E-4F28-A2E7-7F1C7BC21B59}.Release|Win32.ActiveCfg = Release|Win32
		{3FB16215-B37E-4F28-A2E7-7F1C7BC21B59}.Release|Win32.Build.0 = Release|Win32
		{3FB16215-B37E-4F28-A2E7-7F1C7BC21B59}.MinSizeRel|Win32.ActiveCfg = MinSizeRel|Win32
		{3FB16215-B37E-4F28-A2E7-7F1C7BC21B59}.MinSizeRel|Win32.Build.0 = MinSizeRel|Win32
		{3FB16215-B37E-4F28-A2E7-7F1C7BC21B59}.RelWithDebInfo|Win32.ActiveCfg = RelWithDebInfo|Win32
		{3FB16215-B37E-4F28-A2E7-7F1C7BC21B59}.RelWithDebInfo|Win32.Build.0 = RelWithDebInfo|Win32
		{04AE186A-B855-4C8C-8657-5179EBF8FC05}.Debug|Win32.ActiveCfg = Debug|Win32
		{04AE186A-B855-4C8C-8657-5179EBF8FC05}.Debug|Win32.Build.0 = Debug|Win32
		{04AE186A-B855-4C8C-8657-5179EBF8FC05}.Release|Win32.ActiveCfg = Release|Win32
		{04AE186A-B855-4C8C-8657-5179EBF8FC05}.Release|Win32.Build.0 = Release|Win32
		{04AE186A-B855-4C8C-8657-5179EBF8FC05}.MinSizeRel|Win32.ActiveCfg = MinSizeRel|Win32
		{04AE186A-B855-4C8C-8657-5179EBF8FC05}.MinSizeRel|Win32.Build.0 = MinSizeRel|Win32
		{04AE186A-B855-4C8C-8657-5179EBF8FC05}.RelWithDebInfo|Win32.ActiveCfg = RelWithDebInfo|Win32
		{04AE186A-B855-4C8C-8657-5179EBF8FC05}.RelWithDebInfo|Win32.Build.0 = RelWithDebInfo|Win32
		{B5603A6E-F6BA-4A12-9433-670D95BF4A72}.Debug|Win32.ActiveCfg = Debug|Win32
		{B5603A6E-F6BA-4A12-9433-670D95BF4A72}.Debug|Win32.Build.0 = Debug|Win32
		{B5603A6E-F6BA-4A12-9433-670D95BF4A72}.Release|Win32.ActiveCfg = Release|Win32
		{B5603A6E-F6BA-4A12-9433-670D95BF4A72}.Release|Win32.Build.0 = Release|Win32
		{B5603A6E-F6BA-4A12-9433-670D95BF4A72}.MinSizeRel|Win32.ActiveCfg = MinSizeRel|Win32
		{B5603A6E-F6BA-4A12-9433-670D95BF4A72}.MinSizeRel|Win32.Build.0 = MinSizeRel|Win32
		{B5603A6E-F6BA-4A12-9433-670D95BF4A72}.RelWithDebInfo|Win32.ActiveCfg = RelWithDebInfo|Win32
		{B5603A6E-F6BA-4A12-9433-670D95BF4A72}.RelWithDebInfo|Win32.Build.0 = RelWithDebInfo|Win32
		{F274F903-3681-45B1-BF7E-78C048BDE6EA}.Debug|Win32.ActiveCfg = Debug|Win32
		{F274F903-3681-45B1-BF7E-78C048BDE6EA}.Debug|Win32.Build.0 = Debug|Win32
		{F274F903-3681-45B1-BF7E-78C048BDE6EA}.Release|Win32.ActiveCfg = Release|Win32
		{F274F903-3681-45B1-BF7E-78C048BDE6EA}.Release|Win32.Build.0 = Release|Win32
		{F274F903-3681-45B1-BF7E-78C048BDE6EA}.MinSizeRel|Win32.ActiveCfg = MinSizeRel|Win32
		{F274F903-3681-45B1-BF7E-78C048BDE6EA}.MinSizeRel|Win32.Build.0 = MinSizeRel|Win32
		{F274F903-3681-45B1-BF7E-78C048BDE6EA}.RelWithDebInfo|Win32.ActiveCfg = RelWithDebInfo|Win32
		{F274F903-3681-45B1-BF7E-78C048BDE6EA}.RelWithDebInfo|Win32.Build.0 = RelWithDebInfo|Win32
		{41019529-5F8E-4BE2-A33C-94EEEA1F7243}.Debug|Win32.ActiveCfg = Debug|Win32
		{41019529-5F8E-4BE2-A33C-94EEEA1F7243}.Debug|Win32.Build.0 = Debug|Win32
		{41019529-5F8E-4BE2-A33C-94EEEA1F7243}.Release|Win32.ActiveCfg = Release|Win32
		{41019529-5F8E-4BE2-A33C-94EEEA1F7243}.Release|Win32.Build.0 = Release|Win32
		{41019529-5F8E-4BE2-A33C-94EEEA1F7243}.MinSizeRel|Win32.ActiveCfg = MinSizeRel|Win32
		{41019529-5F8E-4BE2-A33C-94EEEA1F7243}.MinSizeRel|Win32.Build.0 = MinSizeRel|Win32
		{41019529-5F8E-4BE2-A33C-94EEEA1F7243}.RelWithDebInfo|Win32.ActiveCfg = RelWithDebInfo|Win32
		{41019529-5F8E-4BE2-A33C-94EEEA1F7243}.RelWithDebInfo|Win32.Build.0 = RelWithDebInfo|Win32
		{850AE87B-5797-44C4-B7D7-046D68837CDC}.Debug|Win32.ActiveCfg = Debug|Win32
		{850AE87B-5797-44C4-B7D7-046D68837CDC}.Debug|Win32.Build.0 = Debug|Win32
		{850AE87B-5797-44C4-B7D7-046D68837CDC}.Release|Win32.ActiveCfg = Release|Win32
		{850AE87B-5797-44C4-B7D7-046D68837CDC}.Release|Win32.Build.0 = Release|Win32
		{850AE87B-5797-44C4-B7D7-046D68837CDC}.MinSizeRel|Win32.ActiveCfg = MinSizeRel|Win32
		{850AE87B-5797-44C4-B7D7-046D68837CDC}.MinSizeRel|Win32.Build.0 = MinSizeRel|Win32
		{850AE87B-5797-44C4-B7D7-046D68837CDC}.RelWithDebInfo|Win32.ActiveCfg = RelWithDebInfo|Win32
		{850AE87B-5797-44C4-B7D7-046D68837CDC}.RelWithDebInfo|Win32.Build.0 = RelWithDebInfo|Win32
		{A8E59707-9938-4F30-BF5C-C3342E489477}.Debug|Win32.ActiveCfg = Debug|Win32
		{A8E59707-9938-4F30-BF5C-C3342E489477}.Debug|Win32.Build.0 = Debug|Win32
		{A8E59707-9938-4F30-BF5C-C3342E489477}.Release|Win32.ActiveCfg = Release|Win32
		{A8E59707-9938-4F30-BF5C-C3342E489477}.Release|Win32.Build.0 = Release|Win32
		{A8E59707-9938-4F30-BF5C-C3342E489477}.MinSizeRel|Win32.ActiveCfg = MinSizeRel|Win32
		{A8E59707-9938-4F30-BF5C-C3342E489477}.MinSizeRel|Win32.Build.0 = MinSizeRel|Win32
		{A8E59707-9938-4F30-BF5C-C3342E489477}.RelWithDebInfo|Win32.ActiveCfg = RelWithDebInfo|Win32
		{A8E59707-9938-4F30-BF5C-C3342E489477}.RelWithDebInfo|Win32.Build.0 = RelWithDebInfo|Win32
		{40138F6A-4F62-4058-97D8-49E9F515B673}.Debug|Win32.ActiveCfg = Debug|Win32
		{40138F6A-4F62-4058-97D8-49E9F515B673}.Debug|Win32.Build.0 = Debug|Win32
		{40138F6A-4F62-4058-97D8-49E9F515B673}.Release|Win32.ActiveCfg = Release|Win32
		{40138F6A-4F62-4058-97D8-49E9F515B673}.Release|Win32.Build.0 = Release|Win32
		{40138F6A-4F62-4058-97D8-49E9F515B673}.MinSizeRel|Win32.ActiveCfg = MinSizeRel|Win32
		{40138F6A-4F62-4058-97D8-49E9F515B673}.MinSizeRel|Win32.Build.0 = MinSizeRel|Win32
		{40138F6A-4F62-4058-97D8-49E9F515B673}.RelWithDebInfo|Win32.ActiveCfg = RelWithDebInfo|Win32
		{40138F6A-4F62-4058-97D8-49E9F515B673}.RelWithDebInfo|Win32.Build.0 = RelWithDebInfo|Win32
		{C8C7164D-3541-49DD-9938-F69616BB81BB}.Debug|Win32.ActiveCfg = Debug|Win32
		{C8C7164D-3541-49DD-9938-F69616BB81BB}.Debug|Win32.Build.0 = Debug|Win32
		{C8C7164D-3541-49DD-9938-F69616BB81BB}.Release|Win32.ActiveCfg = Release|Win32
		{C8C7164D-3541-49DD-9938-F69616BB81BB}.Release|Win32.Build.0 = Release|Win32
		{C8C7164D-3541-49DD-9938-F69616BB81BB}.MinSizeRel|Win32.ActiveCfg = MinSizeRel|Win32
		{C8C7164D-3541-49DD-9938-F69616BB81BB}.MinSizeRel|Win32.Build.0 = MinSizeRel|Win32
		{C8C7164D-3541-49DD-9938-F69616BB81BB}.RelWithDebInfo|Win32.ActiveCfg = RelWithDebInfo|Win32
		{C8C7164D-3541-49DD-9938-F69616BB81BB}.RelWithDebInfo|Win32.Build.0 = RelWithDebInfo|Win32
		{0D852AE3-3946-4F08-BEF2-9DE9F7EB96CC}.Debug|Win32.ActiveCfg = Debug|Win32
		{0D852AE3-3946-4F08-BEF2-9DE9F7EB96CC}.Debug|Win32.Build.0 = Debug|Win32
		{0D852AE3-3946-4F08-BEF2-9DE9F7EB96CC}.Release|Win32.ActiveCfg = Release|Win32
		{0D852AE3-3946-4F08-BEF2-9DE9F7EB96CC}.Release|Win32.Build.0 = Release|Win32
		{0D852AE3-3946-4F08-BEF2-9DE9F7EB96CC}.MinSizeRel|Win32.ActiveCfg = MinSizeRel|Win32
		{0D852AE3-3946-4F08-BEF2-9DE9F7EB96CC}.MinSizeRel|Win32.Build.0 = MinSizeRel|Win32
		{0D852AE3-3946-4F08-BEF2-9DE9F7EB96CC}.RelWithDebInfo|Win32.ActiveCfg = RelWithDebInfo|Win32
		{0D852AE3-3946-4F08-BEF2-9DE9F7EB96CC}.RelWithDebInfo|Win32.Build.0 = RelWithDebInfo|Win32
		{D5BDA9D2-0F8F-4ED5-8AAF-A9C8F1287E8F}.Debug|Win32.ActiveCfg = Debug|Win32
		{D5BDA9D2-0F8F-4ED5-8AAF-A9C8F1287E8F}.Debug|Win32.Build.0 = Debug|Win32
		{D5BDA9D2-0F8F-4ED5-8AAF-A9C8F1287E8F}.Release|Win32.ActiveCfg = Release|Win32
		{D5BDA9D2-0F8F-4ED5-8AAF-A9C8F1287E8F}.Release|Win32.Build.0 = Release|Win32
		{D5BDA9D2-0F8F-4ED5-8AAF-A9C8F1287E8F}.MinSizeRel|Win32.ActiveCfg = MinSizeRel|Win32
		{D5BDA9D2-0F8F-4ED5-8AAF-A9C8F1287E8F}.MinSizeRel|Win32.Build.0 = MinSizeRel|Win32
		{D5BDA9D2-0F8F-4ED5-8AAF-A9C8F1287E8F}.RelWithDebInfo|Win32.ActiveCfg = RelWithDebInfo|Win32
		{D5BDA9D2-0F8F-4ED5-8AAF-A9C8F1287E8F}.RelWithDebInfo|Win32.Build.0 = RelWithDebInfo|Win32
		{0B3D62E6-3878-4AC2-BCF0-31577C088BC1}.Debug|Win32.ActiveCfg = Debug|Win32
		{0B3D62E6-3878-4AC2-BCF0-31577C088BC1}.Debug|Win32.Build.0 = Debug|Win32
		{0B3D62E6-3878-4AC2-BCF0-31577C088BC1}.Release|Win32.ActiveCfg = Release|Win32
		{0B3D62E6-3878-4AC2-BCF0-31577C088BC1}.Release|Win32.Build.0 = Release|Win32
		{0B3D62E6-3878-4AC2-BCF0-31577C088BC1}.MinSizeRel|Win32.ActiveCfg = MinSizeRel|Win32
		{0B3D62E6-3878-4AC2-BCF0-31577C088BC1}.MinSizeRel|Win32.Build.0 = MinSizeRel|Win32
		{0B3D62E6-3878-4AC2-BCF0-31577C088BC1}.RelWithDebInfo|Win32.ActiveCfg = RelWithDebInfo|Win32
		{0B3D62E6-3878-4AC2-BCF0-31577C088BC1}.RelWithDebInfo|Win32.Build.0 = RelWithDebInfo|Win32
	EndGlobalSection
	GlobalSection(ExtensibilityGlobals) = postSolution
	EndGlobalSection
	GlobalSection(ExtensibilityAddIns) = postSolution
	EndGlobalSection
EndGlobal
