
Microsoft Visual Studio Solution File, Format Version 10.00
# Visual Studio 2008
Project("{8BC9CEB8-8B4A-11D0-8D11-00A0C91BC942}") = "ace", "vc90\ace.vcproj", "{F449722E-CE44-4576-8F4F-ED64D593CBA4}"
EndProject
Project("{8BC9CEB8-8B4A-11D0-8D11-00A0C91BC942}") = "authserver", "vc90\authserver.vcproj", "{53ECA2F9-8BCD-4635-8833-FD6E21ABD044}"
EndProject
Project("{8BC9CEB8-8B4A-11D0-8D11-00A0C91BC942}") = "bzip2", "vc90\bzip2.vcproj", "{6A5790A4-E995-47F8-9418-255B66530B9D}"
EndProject
Project("{8BC9CEB8-8B4A-11D0-8D11-00A0C91BC942}") = "collision", "vc90\collision.vcproj", "{6AD4E571-02A3-4748-89D2-08EC1132C5AD}"
EndProject
Project("{8BC9CEB8-8B4A-11D0-8D11-00A0C91BC942}") = "g3dlib", "vc90\g3dlib.vcproj", "{413D0306-CB4E-4956-96C9-6EA0D9EEBE7B}"
EndProject
Project("{8BC9CEB8-8B4A-11D0-8D11-00A0C91BC942}") = "game", "vc90\game.vcproj", "{533DE45A-9D75-4EB0-9664-E5D147F5ACB9}"
EndProject
Project("{8BC9CEB8-8B4A-11D0-8D11-00A0C91BC942}") = "gsoap", "vc90\gsoap.vcproj", "{4011597F-9C52-4C3B-B6B5-8A1728704FBD}"
EndProject
Project("{8BC9CEB8-8B4A-11D0-8D11-00A0C91BC942}") = "libmysql", "vc90\libmysql.vcproj", "{F6EC9C68-516C-4CC5-A07E-CF031D3FE472}"
EndProject
Project("{8BC9CEB8-8B4A-11D0-8D11-00A0C91BC942}") = "mpq", "vc90\mpq.vcproj", "{6335FBB0-7D45-4670-8324-3B4F562E2CF2}"
EndProject
Project("{8BC9CEB8-8B4A-11D0-8D11-00A0C91BC942}") = "scripts", "vc90\scripts.vcproj", "{E467D31F-84F1-41E9-B199-A859DBF68E6B}"
EndProject
Project("{8BC9CEB8-8B4A-11D0-8D11-00A0C91BC942}") = "shared", "vc90\shared.vcproj", "{E5C0D0BE-276F-4BC9-8225-5399167F366C}"
EndProject
Project("{8BC9CEB8-8B4A-11D0-8D11-00A0C91BC942}") = "trinitysockets", "vc90\trinitysockets.vcproj", "{5B213BDF-D43B-46E7-A923-2227EFFD06CA}"
EndProject
Project("{8BC9CEB8-8B4A-11D0-8D11-00A0C91BC942}") = "worldserver", "vc90\worldserver.vcproj", "{AF6ACD8C-A5CC-4822-AF9B-2E3BDA5791DB}"
EndProject
Project("{8BC9CEB8-8B4A-11D0-8D11-00A0C91BC942}") = "zlib", "vc90\zlib.vcproj", "{565CEC03-96A6-48B0-AEF1-69C7EECDA51E}"
EndProject
Global
	GlobalSection(SolutionConfigurationPlatforms) = preSolution
		Debug|Win32 = Debug|Win32
		MinSizeRel|Win32 = MinSizeRel|Win32
		Release|Win32 = Release|Win32
		RelWithDebInfo|Win32 = RelWithDebInfo|Win32
	EndGlobalSection
	GlobalSection(ProjectConfigurationPlatforms) = postSolution
		{F449722E-CE44-4576-8F4F-ED64D593CBA4}.Debug|Win32.ActiveCfg = Debug|Win32
		{F449722E-CE44-4576-8F4F-ED64D593CBA4}.Debug|Win32.Build.0 = Debug|Win32
		{F449722E-CE44-4576-8F4F-ED64D593CBA4}.MinSizeRel|Win32.ActiveCfg = MinSizeRel|Win32
		{F449722E-CE44-4576-8F4F-ED64D593CBA4}.MinSizeRel|Win32.Build.0 = MinSizeRel|Win32
		{F449722E-CE44-4576-8F4F-ED64D593CBA4}.Release|Win32.ActiveCfg = Release|Win32
		{F449722E-CE44-4576-8F4F-ED64D593CBA4}.Release|Win32.Build.0 = Release|Win32
		{F449722E-CE44-4576-8F4F-ED64D593CBA4}.RelWithDebInfo|Win32.ActiveCfg = RelWithDebInfo|Win32
		{F449722E-CE44-4576-8F4F-ED64D593CBA4}.RelWithDebInfo|Win32.Build.0 = RelWithDebInfo|Win32
		{53ECA2F9-8BCD-4635-8833-FD6E21ABD044}.Debug|Win32.ActiveCfg = Debug|Win32
		{53ECA2F9-8BCD-4635-8833-FD6E21ABD044}.Debug|Win32.Build.0 = Debug|Win32
		{53ECA2F9-8BCD-4635-8833-FD6E21ABD044}.MinSizeRel|Win32.ActiveCfg = MinSizeRel|Win32
		{53ECA2F9-8BCD-4635-8833-FD6E21ABD044}.MinSizeRel|Win32.Build.0 = MinSizeRel|Win32
		{53ECA2F9-8BCD-4635-8833-FD6E21ABD044}.Release|Win32.ActiveCfg = Release|Win32
		{53ECA2F9-8BCD-4635-8833-FD6E21ABD044}.Release|Win32.Build.0 = Release|Win32
		{53ECA2F9-8BCD-4635-8833-FD6E21ABD044}.RelWithDebInfo|Win32.ActiveCfg = RelWithDebInfo|Win32
		{53ECA2F9-8BCD-4635-8833-FD6E21ABD044}.RelWithDebInfo|Win32.Build.0 = RelWithDebInfo|Win32
		{6A5790A4-E995-47F8-9418-255B66530B9D}.Debug|Win32.ActiveCfg = Debug|Win32
		{6A5790A4-E995-47F8-9418-255B66530B9D}.Debug|Win32.Build.0 = Debug|Win32
		{6A5790A4-E995-47F8-9418-255B66530B9D}.MinSizeRel|Win32.ActiveCfg = MinSizeRel|Win32
		{6A5790A4-E995-47F8-9418-255B66530B9D}.MinSizeRel|Win32.Build.0 = MinSizeRel|Win32
		{6A5790A4-E995-47F8-9418-255B66530B9D}.Release|Win32.ActiveCfg = Release|Win32
		{6A5790A4-E995-47F8-9418-255B66530B9D}.Release|Win32.Build.0 = Release|Win32
		{6A5790A4-E995-47F8-9418-255B66530B9D}.RelWithDebInfo|Win32.ActiveCfg = RelWithDebInfo|Win32
		{6A5790A4-E995-47F8-9418-255B66530B9D}.RelWithDebInfo|Win32.Build.0 = RelWithDebInfo|Win32
		{6AD4E571-02A3-4748-89D2-08EC1132C5AD}.Debug|Win32.ActiveCfg = Debug|Win32
		{6AD4E571-02A3-4748-89D2-08EC1132C5AD}.Debug|Win32.Build.0 = Debug|Win32
		{6AD4E571-02A3-4748-89D2-08EC1132C5AD}.MinSizeRel|Win32.ActiveCfg = MinSizeRel|Win32
		{6AD4E571-02A3-4748-89D2-08EC1132C5AD}.MinSizeRel|Win32.Build.0 = MinSizeRel|Win32
		{6AD4E571-02A3-4748-89D2-08EC1132C5AD}.Release|Win32.ActiveCfg = Release|Win32
		{6AD4E571-02A3-4748-89D2-08EC1132C5AD}.Release|Win32.Build.0 = Release|Win32
		{6AD4E571-02A3-4748-89D2-08EC1132C5AD}.RelWithDebInfo|Win32.ActiveCfg = RelWithDebInfo|Win32
		{6AD4E571-02A3-4748-89D2-08EC1132C5AD}.RelWithDebInfo|Win32.Build.0 = RelWithDebInfo|Win32
		{413D0306-CB4E-4956-96C9-6EA0D9EEBE7B}.Debug|Win32.ActiveCfg = Debug|Win32
		{413D0306-CB4E-4956-96C9-6EA0D9EEBE7B}.Debug|Win32.Build.0 = Debug|Win32
		{413D0306-CB4E-4956-96C9-6EA0D9EEBE7B}.MinSizeRel|Win32.ActiveCfg = MinSizeRel|Win32
		{413D0306-CB4E-4956-96C9-6EA0D9EEBE7B}.MinSizeRel|Win32.Build.0 = MinSizeRel|Win32
		{413D0306-CB4E-4956-96C9-6EA0D9EEBE7B}.Release|Win32.ActiveCfg = Release|Win32
		{413D0306-CB4E-4956-96C9-6EA0D9EEBE7B}.Release|Win32.Build.0 = Release|Win32
		{413D0306-CB4E-4956-96C9-6EA0D9EEBE7B}.RelWithDebInfo|Win32.ActiveCfg = RelWithDebInfo|Win32
		{413D0306-CB4E-4956-96C9-6EA0D9EEBE7B}.RelWithDebInfo|Win32.Build.0 = RelWithDebInfo|Win32
		{533DE45A-9D75-4EB0-9664-E5D147F5ACB9}.Debug|Win32.ActiveCfg = Debug|Win32
		{533DE45A-9D75-4EB0-9664-E5D147F5ACB9}.Debug|Win32.Build.0 = Debug|Win32
		{533DE45A-9D75-4EB0-9664-E5D147F5ACB9}.MinSizeRel|Win32.ActiveCfg = MinSizeRel|Win32
		{533DE45A-9D75-4EB0-9664-E5D147F5ACB9}.MinSizeRel|Win32.Build.0 = MinSizeRel|Win32
		{533DE45A-9D75-4EB0-9664-E5D147F5ACB9}.Release|Win32.ActiveCfg = Release|Win32
		{533DE45A-9D75-4EB0-9664-E5D147F5ACB9}.Release|Win32.Build.0 = Release|Win32
		{533DE45A-9D75-4EB0-9664-E5D147F5ACB9}.RelWithDebInfo|Win32.ActiveCfg = RelWithDebInfo|Win32
		{533DE45A-9D75-4EB0-9664-E5D147F5ACB9}.RelWithDebInfo|Win32.Build.0 = RelWithDebInfo|Win32
		{4011597F-9C52-4C3B-B6B5-8A1728704FBD}.Debug|Win32.ActiveCfg = Debug|Win32
		{4011597F-9C52-4C3B-B6B5-8A1728704FBD}.Debug|Win32.Build.0 = Debug|Win32
		{4011597F-9C52-4C3B-B6B5-8A1728704FBD}.MinSizeRel|Win32.ActiveCfg = MinSizeRel|Win32
		{4011597F-9C52-4C3B-B6B5-8A1728704FBD}.MinSizeRel|Win32.Build.0 = MinSizeRel|Win32
		{4011597F-9C52-4C3B-B6B5-8A1728704FBD}.Release|Win32.ActiveCfg = Release|Win32
		{4011597F-9C52-4C3B-B6B5-8A1728704FBD}.Release|Win32.Build.0 = Release|Win32
		{4011597F-9C52-4C3B-B6B5-8A1728704FBD}.RelWithDebInfo|Win32.ActiveCfg = RelWithDebInfo|Win32
		{4011597F-9C52-4C3B-B6B5-8A1728704FBD}.RelWithDebInfo|Win32.Build.0 = RelWithDebInfo|Win32
		{F6EC9C68-516C-4CC5-A07E-CF031D3FE472}.Debug|Win32.ActiveCfg = Debug|Win32
		{F6EC9C68-516C-4CC5-A07E-CF031D3FE472}.Debug|Win32.Build.0 = Debug|Win32
		{F6EC9C68-516C-4CC5-A07E-CF031D3FE472}.MinSizeRel|Win32.ActiveCfg = MinSizeRel|Win32
		{F6EC9C68-516C-4CC5-A07E-CF031D3FE472}.MinSizeRel|Win32.Build.0 = MinSizeRel|Win32
		{F6EC9C68-516C-4CC5-A07E-CF031D3FE472}.Release|Win32.ActiveCfg = Release|Win32
		{F6EC9C68-516C-4CC5-A07E-CF031D3FE472}.Release|Win32.Build.0 = Release|Win32
		{F6EC9C68-516C-4CC5-A07E-CF031D3FE472}.RelWithDebInfo|Win32.ActiveCfg = RelWithDebInfo|Win32
		{F6EC9C68-516C-4CC5-A07E-CF031D3FE472}.RelWithDebInfo|Win32.Build.0 = RelWithDebInfo|Win32
		{6335FBB0-7D45-4670-8324-3B4F562E2CF2}.Debug|Win32.ActiveCfg = Debug|Win32
		{6335FBB0-7D45-4670-8324-3B4F562E2CF2}.Debug|Win32.Build.0 = Debug|Win32
		{6335FBB0-7D45-4670-8324-3B4F562E2CF2}.MinSizeRel|Win32.ActiveCfg = MinSizeRel|Win32
		{6335FBB0-7D45-4670-8324-3B4F562E2CF2}.MinSizeRel|Win32.Build.0 = MinSizeRel|Win32
		{6335FBB0-7D45-4670-8324-3B4F562E2CF2}.Release|Win32.ActiveCfg = Release|Win32
		{6335FBB0-7D45-4670-8324-3B4F562E2CF2}.Release|Win32.Build.0 = Release|Win32
		{6335FBB0-7D45-4670-8324-3B4F562E2CF2}.RelWithDebInfo|Win32.ActiveCfg = RelWithDebInfo|Win32
		{6335FBB0-7D45-4670-8324-3B4F562E2CF2}.RelWithDebInfo|Win32.Build.0 = RelWithDebInfo|Win32
		{E467D31F-84F1-41E9-B199-A859DBF68E6B}.Debug|Win32.ActiveCfg = Debug|Win32
		{E467D31F-84F1-41E9-B199-A859DBF68E6B}.Debug|Win32.Build.0 = Debug|Win32
		{E467D31F-84F1-41E9-B199-A859DBF68E6B}.MinSizeRel|Win32.ActiveCfg = MinSizeRel|Win32
		{E467D31F-84F1-41E9-B199-A859DBF68E6B}.MinSizeRel|Win32.Build.0 = MinSizeRel|Win32
		{E467D31F-84F1-41E9-B199-A859DBF68E6B}.Release|Win32.ActiveCfg = Release|Win32
		{E467D31F-84F1-41E9-B199-A859DBF68E6B}.Release|Win32.Build.0 = Release|Win32
		{E467D31F-84F1-41E9-B199-A859DBF68E6B}.RelWithDebInfo|Win32.ActiveCfg = RelWithDebInfo|Win32
		{E467D31F-84F1-41E9-B199-A859DBF68E6B}.RelWithDebInfo|Win32.Build.0 = RelWithDebInfo|Win32
		{E5C0D0BE-276F-4BC9-8225-5399167F366C}.Debug|Win32.ActiveCfg = Debug|Win32
		{E5C0D0BE-276F-4BC9-8225-5399167F366C}.Debug|Win32.Build.0 = Debug|Win32
		{E5C0D0BE-276F-4BC9-8225-5399167F366C}.MinSizeRel|Win32.ActiveCfg = MinSizeRel|Win32
		{E5C0D0BE-276F-4BC9-8225-5399167F366C}.MinSizeRel|Win32.Build.0 = MinSizeRel|Win32
		{E5C0D0BE-276F-4BC9-8225-5399167F366C}.Release|Win32.ActiveCfg = Release|Win32
		{E5C0D0BE-276F-4BC9-8225-5399167F366C}.Release|Win32.Build.0 = Release|Win32
		{E5C0D0BE-276F-4BC9-8225-5399167F366C}.RelWithDebInfo|Win32.ActiveCfg = RelWithDebInfo|Win32
		{E5C0D0BE-276F-4BC9-8225-5399167F366C}.RelWithDebInfo|Win32.Build.0 = RelWithDebInfo|Win32
		{5B213BDF-D43B-46E7-A923-2227EFFD06CA}.Debug|Win32.ActiveCfg = Debug|Win32
		{5B213BDF-D43B-46E7-A923-2227EFFD06CA}.Debug|Win32.Build.0 = Debug|Win32
		{5B213BDF-D43B-46E7-A923-2227EFFD06CA}.MinSizeRel|Win32.ActiveCfg = MinSizeRel|Win32
		{5B213BDF-D43B-46E7-A923-2227EFFD06CA}.MinSizeRel|Win32.Build.0 = MinSizeRel|Win32
		{5B213BDF-D43B-46E7-A923-2227EFFD06CA}.Release|Win32.ActiveCfg = Release|Win32
		{5B213BDF-D43B-46E7-A923-2227EFFD06CA}.Release|Win32.Build.0 = Release|Win32
		{5B213BDF-D43B-46E7-A923-2227EFFD06CA}.RelWithDebInfo|Win32.ActiveCfg = RelWithDebInfo|Win32
		{5B213BDF-D43B-46E7-A923-2227EFFD06CA}.RelWithDebInfo|Win32.Build.0 = RelWithDebInfo|Win32
		{AF6ACD8C-A5CC-4822-AF9B-2E3BDA5791DB}.Debug|Win32.ActiveCfg = Debug|Win32
		{AF6ACD8C-A5CC-4822-AF9B-2E3BDA5791DB}.Debug|Win32.Build.0 = Debug|Win32
		{AF6ACD8C-A5CC-4822-AF9B-2E3BDA5791DB}.MinSizeRel|Win32.ActiveCfg = MinSizeRel|Win32
		{AF6ACD8C-A5CC-4822-AF9B-2E3BDA5791DB}.MinSizeRel|Win32.Build.0 = MinSizeRel|Win32
		{AF6ACD8C-A5CC-4822-AF9B-2E3BDA5791DB}.Release|Win32.ActiveCfg = Release|Win32
		{AF6ACD8C-A5CC-4822-AF9B-2E3BDA5791DB}.Release|Win32.Build.0 = Release|Win32
		{AF6ACD8C-A5CC-4822-AF9B-2E3BDA5791DB}.RelWithDebInfo|Win32.ActiveCfg = RelWithDebInfo|Win32
		{AF6ACD8C-A5CC-4822-AF9B-2E3BDA5791DB}.RelWithDebInfo|Win32.Build.0 = RelWithDebInfo|Win32
		{565CEC03-96A6-48B0-AEF1-69C7EECDA51E}.Debug|Win32.ActiveCfg = Debug|Win32
		{565CEC03-96A6-48B0-AEF1-69C7EECDA51E}.Debug|Win32.Build.0 = Debug|Win32
		{565CEC03-96A6-48B0-AEF1-69C7EECDA51E}.MinSizeRel|Win32.ActiveCfg = MinSizeRel|Win32
		{565CEC03-96A6-48B0-AEF1-69C7EECDA51E}.MinSizeRel|Win32.Build.0 = MinSizeRel|Win32
		{565CEC03-96A6-48B0-AEF1-69C7EECDA51E}.Release|Win32.ActiveCfg = Release|Win32
		{565CEC03-96A6-48B0-AEF1-69C7EECDA51E}.Release|Win32.Build.0 = Release|Win32
		{565CEC03-96A6-48B0-AEF1-69C7EECDA51E}.RelWithDebInfo|Win32.ActiveCfg = RelWithDebInfo|Win32
		{565CEC03-96A6-48B0-AEF1-69C7EECDA51E}.RelWithDebInfo|Win32.Build.0 = RelWithDebInfo|Win32
	EndGlobalSection
	GlobalSection(SolutionProperties) = preSolution
		HideSolutionNode = FALSE
	EndGlobalSection
EndGlobal
