<?xml version="1.0" encoding="utf-8"?>
<Project ToolsVersion="4.0" xmlns="http://schemas.microsoft.com/developer/msbuild/2003">
  <ItemGroup>
    <ClCompile Include="..\..\..\..\src\server\authserver\PrecompiledHeaders\authPCH.cpp">
      <Filter>Source Files</Filter>
    </ClCompile>
    <ClCompile Include="..\..\..\..\src\server\authserver\Authentication\AuthCodes.cpp">
      <Filter>Authentication</Filter>
    </ClCompile>
    <ClCompile Include="..\..\..\..\src\server\authserver\Realms\RealmList.cpp">
      <Filter>Realms</Filter>
    </ClCompile>
    <ClCompile Include="..\..\..\..\src\server\authserver\Server\AuthSocket.cpp">
      <Filter>Server</Filter>
    </ClCompile>
    <ClCompile Include="..\..\..\..\src\server\authserver\Server\RealmSocket.cpp">
      <Filter>Server</Filter>
    </ClCompile>
    <ClCompile Include="..\..\..\..\src\server\authserver\Main.cpp" />
    <ClCompile Include="..\..\..\..\src\server\shared\Debugging\WheatyExceptionReport.cpp">
      <Filter>Debugging</Filter>
    </ClCompile>
  </ItemGroup>
  <ItemGroup>
    <ClInclude Include="..\..\..\..\src\server\authserver\PrecompiledHeaders\authPCH.h">
      <Filter>Header Files</Filter>
    </ClInclude>
    <ClInclude Include="..\..\..\..\src\server\authserver\Authentication\AuthCodes.h">
      <Filter>Authentication</Filter>
    </ClInclude>
    <ClInclude Include="..\..\..\..\src\server\authserver\Realms\RealmList.h">
      <Filter>Realms</Filter>
    </ClInclude>
    <ClInclude Include="..\..\..\..\src\server\authserver\Server\AuthSocket.h">
      <Filter>Server</Filter>
    </ClInclude>
    <ClInclude Include="..\..\..\..\src\server\authserver\Server\RealmAcceptor.h">
      <Filter>Server</Filter>
    </ClInclude>
    <ClInclude Include="..\..\..\..\src\server\authserver\Server\RealmSocket.h">
      <Filter>Server</Filter>
    </ClInclude>
    <ClInclude Include="..\..\..\..\src\server\authserver\resource.h" />
    <ClInclude Include="..\..\..\..\src\server\shared\Debugging\WheatyExceptionReport.h">
      <Filter>Debugging</Filter>
    </ClInclude>
  </ItemGroup>
  <ItemGroup>
    <ResourceCompile Include="..\..\..\..\src\server\authserver\authserver.rc" />
  </ItemGroup>
  <ItemGroup>
  </ItemGroup>
  <ItemGroup>
    <CustomBuild Include="..\..\..\..\src\server\authserver\CMakeLists.txt">
      <Filter>CMake</Filter>
    </CustomBuild>
  </ItemGroup>
  <ItemGroup>
    <Filter Include="Source Files">
      <UniqueIdentifier>{7D357C21-3239-4C10-B2AB-54B2D1C2ADAE}</UniqueIdentifier>
    </Filter>
    <Filter Include="Header Files">
      <UniqueIdentifier>{26B1A443-1D0E-4B2C-ACB7-9F057098365C}</UniqueIdentifier>
    </Filter>
    <Filter Include="CMake">
      <UniqueIdentifier>{7FAC387F-3085-4E7A-9EC5-11239F12A620}</UniqueIdentifier>
    </Filter>
    <Filter Include="Authentication">
      <UniqueIdentifier>{36C32152-A4CA-41F7-B41F-096888B416E6}</UniqueIdentifier>
    </Filter>
    <Filter Include="Realms">
      <UniqueIdentifier>{57C0D0C5-F422-4078-BAA5-D529EA029B31}</UniqueIdentifier>
    </Filter>
    <Filter Include="Server">
      <UniqueIdentifier>{D7F30549-7EB2-4D0F-AE42-A0BD0E43F843}</UniqueIdentifier>
    </Filter>
    <Filter Include="Debugging">
      <UniqueIdentifier>{26DA6F2E-18D7-4999-B8F9-7CA912E39C4A}</UniqueIdentifier>
    </Filter>
  </ItemGroup>
  <ItemGroup>
  </ItemGroup>
</Project>
